
Microsoft Visual Studio Solution File, Format Version 12.00
# Visual Studio 15
VisualStudioVersion = 15.0.27004.2002
MinimumVisualStudioVersion = 10.0.40219.1
Project("{FAE04EC0-301F-11D3-BF4B-00C04F79EFBC}") = "GL.Servers.CoC", "GL.Servers\GL.Servers.CoC\GL.Servers.CoC.csproj", "{C5D5C4FE-BC5A-4F3C-B3F5-014234F02A60}"
EndProject
Project("{FAE04EC0-301F-11D3-BF4B-00C04F79EFBC}") = "GL.Servers.CR", "GL.Servers\GL.Servers.CR\GL.Servers.CR.csproj", "{D37FC105-EF32-4B9E-B347-1436D72693EA}"
EndProject
Project("{FAE04EC0-301F-11D3-BF4B-00C04F79EFBC}") = "GL.Servers", "GL.Servers\GL.Servers\GL.Servers.csproj", "{5D12A2DA-F22E-4813-9394-6409E5C1CB3A}"
EndProject
Project("{2150E333-8FDC-42A3-9474-1A3956D46DE8}") = "GL.Servers", "GL.Servers", "{2728109A-BE41-46A3-93B7-B67C8113A098}"
EndProject
Project("{FAE04EC0-301F-11D3-BF4B-00C04F79EFBC}") = "GL.Patcher", "GL.Patcher\GL.Patcher.csproj", "{15A935B7-D610-435E-9ADE-5EB8FCD004EA}"
EndProject
Project("{FAE04EC0-301F-11D3-BF4B-00C04F79EFBC}") = "GL.Clients.CoC", "GL.Clients\GL.Clients.CoC\GL.Clients.CoC.csproj", "{A8BB65D4-D5CA-4DFE-8F52-929DE303D3DE}"
EndProject
Project("{FAE04EC0-301F-11D3-BF4B-00C04F79EFBC}") = "GL.Servers.BS", "GL.Servers\GL.Servers.BS\GL.Servers.BS.csproj", "{25250A41-1A8E-4A4E-BE6E-9B1A9D688DE9}"
EndProject
Project("{FAE04EC0-301F-11D3-BF4B-00C04F79EFBC}") = "GL.Proxy.BS", "GL.Proxy\GL.Proxy.BS\GL.Proxy.BS.csproj", "{4B0DE6F3-FCB9-4849-9CCF-4B1D8446956C}"
EndProject
Project("{2150E333-8FDC-42A3-9474-1A3956D46DE8}") = "GL.Logs", "GL.Logs", "{5EA136C9-8BF8-4D82-B3CC-621BFB4AE681}"
EndProject
Project("{2150E333-8FDC-42A3-9474-1A3956D46DE8}") = "Clash Royale", "Clash Royale", "{B6461802-344F-4C55-8D1B-15BB1A526D17}"
EndProject
Project("{2150E333-8FDC-42A3-9474-1A3956D46DE8}") = "Clash of Clans", "Clash of Clans", "{A470E05D-FEE4-4EAE-AD75-5040FFCE80E3}"
EndProject
Project("{2150E333-8FDC-42A3-9474-1A3956D46DE8}") = "Boom Beach", "Boom Beach", "{7D30C478-187D-40D4-BE7A-45567751DE45}"
EndProject
Project("{2150E333-8FDC-42A3-9474-1A3956D46DE8}") = "Hay Day", "Hay Day", "{974C6812-4431-44B9-835F-899C5EFEC2B5}"
EndProject
Project("{2150E333-8FDC-42A3-9474-1A3956D46DE8}") = "Brawl Stars", "Brawl Stars", "{F2C3980B-C979-4F06-A67E-403A416C60F6}"
EndProject
Project("{2150E333-8FDC-42A3-9474-1A3956D46DE8}") = "1.9.0", "1.9.0", "{BFC027BE-3DDC-4EE6-9EB4-FCB8E830CA85}"
EndProject
Project("{2150E333-8FDC-42A3-9474-1A3956D46DE8}") = "15-06-2017", "15-06-2017", "{D069B042-84A4-4458-94BC-A064E5819772}"
	ProjectSection(SolutionItems) = preProject
		GL.Logs\Clash Royale\1.9.0\15-06-2017\Ask_Clan_14302.bin = GL.Logs\Clash Royale\1.9.0\15-06-2017\Ask_Clan_14302.bin
		GL.Logs\Clash Royale\1.9.0\15-06-2017\Ask_Profile_14113.bin = GL.Logs\Clash Royale\1.9.0\15-06-2017\Ask_Profile_14113.bin
		GL.Logs\Clash Royale\1.9.0\15-06-2017\Authentification_10101.bin = GL.Logs\Clash Royale\1.9.0\15-06-2017\Authentification_10101.bin
		GL.Logs\Clash Royale\1.9.0\15-06-2017\Authentification_OK_20104.bin = GL.Logs\Clash Royale\1.9.0\15-06-2017\Authentification_OK_20104.bin
		GL.Logs\Clash Royale\1.9.0\15-06-2017\Avatar_Stream_14405.bin = GL.Logs\Clash Royale\1.9.0\15-06-2017\Avatar_Stream_14405.bin
		GL.Logs\Clash Royale\1.9.0\15-06-2017\Avatar_Stream_Data_24411.bin = GL.Logs\Clash Royale\1.9.0\15-06-2017\Avatar_Stream_Data_24411.bin
		GL.Logs\Clash Royale\1.9.0\15-06-2017\Battle_NPC_14104.bin = GL.Logs\Clash Royale\1.9.0\15-06-2017\Battle_NPC_14104.bin
		GL.Logs\Clash Royale\1.9.0\15-06-2017\Battle_Stream_14406.bin = GL.Logs\Clash Royale\1.9.0\15-06-2017\Battle_Stream_14406.bin
		GL.Logs\Clash Royale\1.9.0\15-06-2017\Battle_Stream_Data_24413.bin = GL.Logs\Clash Royale\1.9.0\15-06-2017\Battle_Stream_Data_24413.bin
		GL.Logs\Clash Royale\1.9.0\15-06-2017\Clan_Data_24301.bin = GL.Logs\Clash Royale\1.9.0\15-06-2017\Clan_Data_24301.bin
		GL.Logs\Clash Royale\1.9.0\15-06-2017\Clan_Stream_24311.bin = GL.Logs\Clash Royale\1.9.0\15-06-2017\Clan_Stream_24311.bin
		GL.Logs\Clash Royale\1.9.0\15-06-2017\Client_Capabilities_10107.bin = GL.Logs\Clash Royale\1.9.0\15-06-2017\Client_Capabilities_10107.bin
		GL.Logs\Clash Royale\1.9.0\15-06-2017\Execute_Commands_14102.bin = GL.Logs\Clash Royale\1.9.0\15-06-2017\Execute_Commands_14102.bin
		GL.Logs\Clash Royale\1.9.0\15-06-2017\Friends_List_20105.bin = GL.Logs\Clash Royale\1.9.0\15-06-2017\Friends_List_20105.bin
		GL.Logs\Clash Royale\1.9.0\15-06-2017\Get_Device_Token_10113.bin = GL.Logs\Clash Royale\1.9.0\15-06-2017\Get_Device_Token_10113.bin
		GL.Logs\Clash Royale\1.9.0\15-06-2017\Go_Home_14101.bin = GL.Logs\Clash Royale\1.9.0\15-06-2017\Go_Home_14101.bin
		GL.Logs\Clash Royale\1.9.0\15-06-2017\Keep_Alive_10108.bin = GL.Logs\Clash Royale\1.9.0\15-06-2017\Keep_Alive_10108.bin
		GL.Logs\Clash Royale\1.9.0\15-06-2017\Keep_Alive_OK_20108.bin = GL.Logs\Clash Royale\1.9.0\15-06-2017\Keep_Alive_OK_20108.bin
		GL.Logs\Clash Royale\1.9.0\15-06-2017\Own_Home_Data_24101.bin = GL.Logs\Clash Royale\1.9.0\15-06-2017\Own_Home_Data_24101.bin
		GL.Logs\Clash Royale\1.9.0\15-06-2017\Pre_Authentification_10100.bin = GL.Logs\Clash Royale\1.9.0\15-06-2017\Pre_Authentification_10100.bin
		GL.Logs\Clash Royale\1.9.0\15-06-2017\Pre_Authentification_OK_20100.bin = GL.Logs\Clash Royale\1.9.0\15-06-2017\Pre_Authentification_OK_20100.bin
		GL.Logs\Clash Royale\1.9.0\15-06-2017\Profile_Data_24113.bin = GL.Logs\Clash Royale\1.9.0\15-06-2017\Profile_Data_24113.bin
		GL.Logs\Clash Royale\1.9.0\15-06-2017\Royale_TV_14402.bin = GL.Logs\Clash Royale\1.9.0\15-06-2017\Royale_TV_14402.bin
		GL.Logs\Clash Royale\1.9.0\15-06-2017\Royale_TV_Data_24405.bin = GL.Logs\Clash Royale\1.9.0\15-06-2017\Royale_TV_Data_24405.bin
		GL.Logs\Clash Royale\1.9.0\15-06-2017\Sector_PC_21903.bin = GL.Logs\Clash Royale\1.9.0\15-06-2017\Sector_PC_21903.bin
		GL.Logs\Clash Royale\1.9.0\15-06-2017\Top_Clans_14401.bin = GL.Logs\Clash Royale\1.9.0\15-06-2017\Top_Clans_14401.bin
		GL.Logs\Clash Royale\1.9.0\15-06-2017\Top_Global_Clans_Data_24401.bin = GL.Logs\Clash Royale\1.9.0\15-06-2017\Top_Global_Clans_Data_24401.bin
		GL.Logs\Clash Royale\1.9.0\15-06-2017\Top_Global_Players_14403.bin = GL.Logs\Clash Royale\1.9.0\15-06-2017\Top_Global_Players_14403.bin
		GL.Logs\Clash Royale\1.9.0\15-06-2017\Top_Global_Players_Data_24403.bin = GL.Logs\Clash Royale\1.9.0\15-06-2017\Top_Global_Players_Data_24403.bin
		GL.Logs\Clash Royale\1.9.0\15-06-2017\Top_Local_Clans_Data_24402.bin = GL.Logs\Clash Royale\1.9.0\15-06-2017\Top_Local_Clans_Data_24402.bin
		GL.Logs\Clash Royale\1.9.0\15-06-2017\Top_Local_Players_14404.bin = GL.Logs\Clash Royale\1.9.0\15-06-2017\Top_Local_Players_14404.bin
		GL.Logs\Clash Royale\1.9.0\15-06-2017\Top_Local_Players_Data_24404.bin = GL.Logs\Clash Royale\1.9.0\15-06-2017\Top_Local_Players_Data_24404.bin
		GL.Logs\Clash Royale\1.9.0\15-06-2017\Top_Previous_Global_Players_14408.bin = GL.Logs\Clash Royale\1.9.0\15-06-2017\Top_Previous_Global_Players_14408.bin
		GL.Logs\Clash Royale\1.9.0\15-06-2017\Top_Previous_Global_Players_Data_24407.bin = GL.Logs\Clash Royale\1.9.0\15-06-2017\Top_Previous_Global_Players_Data_24407.bin
		GL.Logs\Clash Royale\1.9.0\15-06-2017\Unknown_16104.bin = GL.Logs\Clash Royale\1.9.0\15-06-2017\Unknown_16104.bin
		GL.Logs\Clash Royale\1.9.0\15-06-2017\Unknown_20207.bin = GL.Logs\Clash Royale\1.9.0\15-06-2017\Unknown_20207.bin
		GL.Logs\Clash Royale\1.9.0\15-06-2017\Unknown_20208.bin = GL.Logs\Clash Royale\1.9.0\15-06-2017\Unknown_20208.bin
		GL.Logs\Clash Royale\1.9.0\15-06-2017\Unknown_24446.bin = GL.Logs\Clash Royale\1.9.0\15-06-2017\Unknown_24446.bin
		GL.Logs\Clash Royale\1.9.0\15-06-2017\Unknown_26111.bin = GL.Logs\Clash Royale\1.9.0\15-06-2017\Unknown_26111.bin
		GL.Logs\Clash Royale\1.9.0\15-06-2017\Unknown_26112.bin = GL.Logs\Clash Royale\1.9.0\15-06-2017\Unknown_26112.bin
		GL.Logs\Clash Royale\1.9.0\15-06-2017\Unknown_26117.bin = GL.Logs\Clash Royale\1.9.0\15-06-2017\Unknown_26117.bin
	EndProjectSection
EndProject
Project("{2150E333-8FDC-42A3-9474-1A3956D46DE8}") = "14-06-2017", "14-06-2017", "{8C439825-ABFA-4876-A27C-995856AEECA9}"
	ProjectSection(SolutionItems) = preProject
		GL.Logs\Clash Royale\1.9.0\14-06-2017\Ask_Clan_14302.bin = GL.Logs\Clash Royale\1.9.0\14-06-2017\Ask_Clan_14302.bin
		GL.Logs\Clash Royale\1.9.0\14-06-2017\Ask_Profile_14113.bin = GL.Logs\Clash Royale\1.9.0\14-06-2017\Ask_Profile_14113.bin
		GL.Logs\Clash Royale\1.9.0\14-06-2017\Authentification_10101.bin = GL.Logs\Clash Royale\1.9.0\14-06-2017\Authentification_10101.bin
		GL.Logs\Clash Royale\1.9.0\14-06-2017\Authentification_OK_20104.bin = GL.Logs\Clash Royale\1.9.0\14-06-2017\Authentification_OK_20104.bin
		GL.Logs\Clash Royale\1.9.0\14-06-2017\Avatar_Stream_14405.bin = GL.Logs\Clash Royale\1.9.0\14-06-2017\Avatar_Stream_14405.bin
		GL.Logs\Clash Royale\1.9.0\14-06-2017\Avatar_Stream_Data_24411.bin = GL.Logs\Clash Royale\1.9.0\14-06-2017\Avatar_Stream_Data_24411.bin
		GL.Logs\Clash Royale\1.9.0\14-06-2017\Battle_Command_Data_21902.bin = GL.Logs\Clash Royale\1.9.0\14-06-2017\Battle_Command_Data_21902.bin
		GL.Logs\Clash Royale\1.9.0\14-06-2017\Battle_Event_12951.bin = GL.Logs\Clash Royale\1.9.0\14-06-2017\Battle_Event_12951.bin
		GL.Logs\Clash Royale\1.9.0\14-06-2017\Battle_Event_Data_22952.bin = GL.Logs\Clash Royale\1.9.0\14-06-2017\Battle_Event_Data_22952.bin
		GL.Logs\Clash Royale\1.9.0\14-06-2017\Battle_Result_20225.bin = GL.Logs\Clash Royale\1.9.0\14-06-2017\Battle_Result_20225.bin
		GL.Logs\Clash Royale\1.9.0\14-06-2017\Battle_Stream_14406.bin = GL.Logs\Clash Royale\1.9.0\14-06-2017\Battle_Stream_14406.bin
		GL.Logs\Clash Royale\1.9.0\14-06-2017\Battle_Stream_Data_24413.bin = GL.Logs\Clash Royale\1.9.0\14-06-2017\Battle_Stream_Data_24413.bin
		GL.Logs\Clash Royale\1.9.0\14-06-2017\Clan_Data_24301.bin = GL.Logs\Clash Royale\1.9.0\14-06-2017\Clan_Data_24301.bin
		GL.Logs\Clash Royale\1.9.0\14-06-2017\Clan_Stream_24311.bin = GL.Logs\Clash Royale\1.9.0\14-06-2017\Clan_Stream_24311.bin
		GL.Logs\Clash Royale\1.9.0\14-06-2017\Client_Capabilities_10107.bin = GL.Logs\Clash Royale\1.9.0\14-06-2017\Client_Capabilities_10107.bin
		GL.Logs\Clash Royale\1.9.0\14-06-2017\Execute_Commands_14102.bin = GL.Logs\Clash Royale\1.9.0\14-06-2017\Execute_Commands_14102.bin
		GL.Logs\Clash Royale\1.9.0\14-06-2017\Friends_List_20105.bin = GL.Logs\Clash Royale\1.9.0\14-06-2017\Friends_List_20105.bin
		GL.Logs\Clash Royale\1.9.0\14-06-2017\Get_Device_Token_10113.bin = GL.Logs\Clash Royale\1.9.0\14-06-2017\Get_Device_Token_10113.bin
		GL.Logs\Clash Royale\1.9.0\14-06-2017\Go_Home_14101.bin = GL.Logs\Clash Royale\1.9.0\14-06-2017\Go_Home_14101.bin
		GL.Logs\Clash Royale\1.9.0\14-06-2017\Keep_Alive_10108.bin = GL.Logs\Clash Royale\1.9.0\14-06-2017\Keep_Alive_10108.bin
		GL.Logs\Clash Royale\1.9.0\14-06-2017\Keep_Alive_OK_20108.bin = GL.Logs\Clash Royale\1.9.0\14-06-2017\Keep_Alive_OK_20108.bin
		GL.Logs\Clash Royale\1.9.0\14-06-2017\Matchmaking_Info_24107.bin = GL.Logs\Clash Royale\1.9.0\14-06-2017\Matchmaking_Info_24107.bin
		GL.Logs\Clash Royale\1.9.0\14-06-2017\Own_Home_Data_24101.bin = GL.Logs\Clash Royale\1.9.0\14-06-2017\Own_Home_Data_24101.bin
		GL.Logs\Clash Royale\1.9.0\14-06-2017\Pre_Authentification_10100.bin = GL.Logs\Clash Royale\1.9.0\14-06-2017\Pre_Authentification_10100.bin
		GL.Logs\Clash Royale\1.9.0\14-06-2017\Pre_Authentification_OK_20100.bin = GL.Logs\Clash Royale\1.9.0\14-06-2017\Pre_Authentification_OK_20100.bin
		GL.Logs\Clash Royale\1.9.0\14-06-2017\Profile_Data_24113.bin = GL.Logs\Clash Royale\1.9.0\14-06-2017\Profile_Data_24113.bin
		GL.Logs\Clash Royale\1.9.0\14-06-2017\Royale_TV_14402.bin = GL.Logs\Clash Royale\1.9.0\14-06-2017\Royale_TV_14402.bin
		GL.Logs\Clash Royale\1.9.0\14-06-2017\Royale_TV_Data_24405.bin = GL.Logs\Clash Royale\1.9.0\14-06-2017\Royale_TV_Data_24405.bin
		GL.Logs\Clash Royale\1.9.0\14-06-2017\Sector_Command_12904.bin = GL.Logs\Clash Royale\1.9.0\14-06-2017\Sector_Command_12904.bin
		GL.Logs\Clash Royale\1.9.0\14-06-2017\Sector_PC_21903.bin = GL.Logs\Clash Royale\1.9.0\14-06-2017\Sector_PC_21903.bin
		GL.Logs\Clash Royale\1.9.0\14-06-2017\Server_Commands_24111.bin = GL.Logs\Clash Royale\1.9.0\14-06-2017\Server_Commands_24111.bin
		GL.Logs\Clash Royale\1.9.0\14-06-2017\UDP_Connection_Info_24112.bin = GL.Logs\Clash Royale\1.9.0\14-06-2017\UDP_Connection_Info_24112.bin
		GL.Logs\Clash Royale\1.9.0\14-06-2017\Unknown_10504.bin = GL.Logs\Clash Royale\1.9.0\14-06-2017\Unknown_10504.bin
		GL.Logs\Clash Royale\1.9.0\14-06-2017\Unknown_14105.bin = GL.Logs\Clash Royale\1.9.0\14-06-2017\Unknown_14105.bin
		GL.Logs\Clash Royale\1.9.0\14-06-2017\Unknown_16104.bin = GL.Logs\Clash Royale\1.9.0\14-06-2017\Unknown_16104.bin
		GL.Logs\Clash Royale\1.9.0\14-06-2017\Unknown_20206.bin = GL.Logs\Clash Royale\1.9.0\14-06-2017\Unknown_20206.bin
		GL.Logs\Clash Royale\1.9.0\14-06-2017\Unknown_20207.bin = GL.Logs\Clash Royale\1.9.0\14-06-2017\Unknown_20207.bin
		GL.Logs\Clash Royale\1.9.0\14-06-2017\Unknown_20208.bin = GL.Logs\Clash Royale\1.9.0\14-06-2017\Unknown_20208.bin
		GL.Logs\Clash Royale\1.9.0\14-06-2017\Unknown_24106.bin = GL.Logs\Clash Royale\1.9.0\14-06-2017\Unknown_24106.bin
		GL.Logs\Clash Royale\1.9.0\14-06-2017\Unknown_24412.bin = GL.Logs\Clash Royale\1.9.0\14-06-2017\Unknown_24412.bin
		GL.Logs\Clash Royale\1.9.0\14-06-2017\Unknown_24446.bin = GL.Logs\Clash Royale\1.9.0\14-06-2017\Unknown_24446.bin
		GL.Logs\Clash Royale\1.9.0\14-06-2017\Unknown_26111.bin = GL.Logs\Clash Royale\1.9.0\14-06-2017\Unknown_26111.bin
		GL.Logs\Clash Royale\1.9.0\14-06-2017\Unknown_26112.bin = GL.Logs\Clash Royale\1.9.0\14-06-2017\Unknown_26112.bin
	EndProjectSection
EndProject
Project("{2150E333-8FDC-42A3-9474-1A3956D46DE8}") = "GL.Tools", "GL.Tools", "{20E52241-0270-44A1-91B6-BAF4C364EDAA}"
EndProject
Project("{FAE04EC0-301F-11D3-BF4B-00C04F79EFBC}") = "GL.Tools.CSV", "GL.Tools\GL.Tools.CSV\GL.Tools.CSV.csproj", "{6FF91A92-A606-4187-A6E2-C50FB26BA194}"
EndProject
Project("{FAE04EC0-301F-11D3-BF4B-00C04F79EFBC}") = "GL.Tools.Downloader", "GL.Tools\GL.Tools.Downloader\GL.Tools.Downloader.csproj", "{B44A0DDC-31C4-4847-B756-28A2BCDCA28F}"
EndProject
Project("{FAE04EC0-301F-11D3-BF4B-00C04F79EFBC}") = "GL.Tools.Finder", "GL.Tools\GL.Tools.Finder\GL.Tools.Finder.csproj", "{D0493312-B295-495A-9C49-7849DDC526FA}"
EndProject
Project("{FAE04EC0-301F-11D3-BF4B-00C04F79EFBC}") = "GL.Tools.Intruder", "GL.Tools\GL.Tools.Intruder\GL.Tools.Intruder.csproj", "{79C8AA3F-969C-4862-81BB-2D6AC88ED5D2}"
EndProject
Project("{FAE04EC0-301F-11D3-BF4B-00C04F79EFBC}") = "GL.Editor", "GL.Editor\GL.Editor.csproj", "{938A07C3-653A-4012-9C60-02E4CE5B7020}"
EndProject
Project("{2150E333-8FDC-42A3-9474-1A3956D46DE8}") = "1.0.0", "1.0.0", "{85BB1EB1-B74C-4682-AA3B-0F66A5664DFB}"
EndProject
Project("{2150E333-8FDC-42A3-9474-1A3956D46DE8}") = "23-06-17", "23-06-17", "{2839D8D5-A6DE-465E-B508-F05239F3DF27}"
EndProject
Project("{2150E333-8FDC-42A3-9474-1A3956D46DE8}") = "Stage", "Stage", "{16D3C53E-F090-4EC4-95F7-1DF9F4379CC2}"
	ProjectSection(SolutionItems) = preProject
		GL.Logs\Brawl Stars\1.0.0\23-06-17\Stage\Ask_Clan_14302.bin = GL.Logs\Brawl Stars\1.0.0\23-06-17\Stage\Ask_Clan_14302.bin
		GL.Logs\Brawl Stars\1.0.0\23-06-17\Stage\Ask_Profile_14113.bin = GL.Logs\Brawl Stars\1.0.0\23-06-17\Stage\Ask_Profile_14113.bin
		GL.Logs\Brawl Stars\1.0.0\23-06-17\Stage\Authentification_10101.bin = GL.Logs\Brawl Stars\1.0.0\23-06-17\Stage\Authentification_10101.bin
		GL.Logs\Brawl Stars\1.0.0\23-06-17\Stage\Authentification_OK_20104.bin = GL.Logs\Brawl Stars\1.0.0\23-06-17\Stage\Authentification_OK_20104.bin
		GL.Logs\Brawl Stars\1.0.0\23-06-17\Stage\Clan_Data_24301.bin = GL.Logs\Brawl Stars\1.0.0\23-06-17\Stage\Clan_Data_24301.bin
		GL.Logs\Brawl Stars\1.0.0\23-06-17\Stage\Clan_Stream_24311.bin = GL.Logs\Brawl Stars\1.0.0\23-06-17\Stage\Clan_Stream_24311.bin
		GL.Logs\Brawl Stars\1.0.0\23-06-17\Stage\Client_Capabilities_10107.bin = GL.Logs\Brawl Stars\1.0.0\23-06-17\Stage\Client_Capabilities_10107.bin
		GL.Logs\Brawl Stars\1.0.0\23-06-17\Stage\Execute_Commands_14102.bin = GL.Logs\Brawl Stars\1.0.0\23-06-17\Stage\Execute_Commands_14102.bin
		GL.Logs\Brawl Stars\1.0.0\23-06-17\Stage\Facebook_Connect_14201.bin = GL.Logs\Brawl Stars\1.0.0\23-06-17\Stage\Facebook_Connect_14201.bin
		GL.Logs\Brawl Stars\1.0.0\23-06-17\Stage\Friends_List_20105.bin = GL.Logs\Brawl Stars\1.0.0\23-06-17\Stage\Friends_List_20105.bin
		GL.Logs\Brawl Stars\1.0.0\23-06-17\Stage\Get_Device_Token_10113.bin = GL.Logs\Brawl Stars\1.0.0\23-06-17\Stage\Get_Device_Token_10113.bin
		GL.Logs\Brawl Stars\1.0.0\23-06-17\Stage\Keep_Alive_10108.bin = GL.Logs\Brawl Stars\1.0.0\23-06-17\Stage\Keep_Alive_10108.bin
		GL.Logs\Brawl Stars\1.0.0\23-06-17\Stage\Keep_Alive_OK_20108.bin = GL.Logs\Brawl Stars\1.0.0\23-06-17\Stage\Keep_Alive_OK_20108.bin
		GL.Logs\Brawl Stars\1.0.0\23-06-17\Stage\Own_Home_Data_24101.bin = GL.Logs\Brawl Stars\1.0.0\23-06-17\Stage\Own_Home_Data_24101.bin
		GL.Logs\Brawl Stars\1.0.0\23-06-17\Stage\Profile_Data_24113.bin = GL.Logs\Brawl Stars\1.0.0\23-06-17\Stage\Profile_Data_24113.bin
		GL.Logs\Brawl Stars\1.0.0\23-06-17\Stage\Social_Connection_10513.bin = GL.Logs\Brawl Stars\1.0.0\23-06-17\Stage\Social_Connection_10513.bin
		GL.Logs\Brawl Stars\1.0.0\23-06-17\Stage\Top_Global_Players_14403.bin = GL.Logs\Brawl Stars\1.0.0\23-06-17\Stage\Top_Global_Players_14403.bin
		GL.Logs\Brawl Stars\1.0.0\23-06-17\Stage\Top_Global_Players_Data_24403.bin = GL.Logs\Brawl Stars\1.0.0\23-06-17\Stage\Top_Global_Players_Data_24403.bin
		GL.Logs\Brawl Stars\1.0.0\23-06-17\Stage\Unknown_10512.bin = GL.Logs\Brawl Stars\1.0.0\23-06-17\Stage\Unknown_10512.bin
		GL.Logs\Brawl Stars\1.0.0\23-06-17\Stage\Unknown_20207.bin = GL.Logs\Brawl Stars\1.0.0\23-06-17\Stage\Unknown_20207.bin
		GL.Logs\Brawl Stars\1.0.0\23-06-17\Stage\Unknown_23457.bin = GL.Logs\Brawl Stars\1.0.0\23-06-17\Stage\Unknown_23457.bin
		GL.Logs\Brawl Stars\1.0.0\23-06-17\Stage\Unknown_24201.bin = GL.Logs\Brawl Stars\1.0.0\23-06-17\Stage\Unknown_24201.bin
		GL.Logs\Brawl Stars\1.0.0\23-06-17\Stage\Unknown_24399.bin = GL.Logs\Brawl Stars\1.0.0\23-06-17\Stage\Unknown_24399.bin
	EndProjectSection
EndProject
Project("{2150E333-8FDC-42A3-9474-1A3956D46DE8}") = "Production", "Production", "{6C6E87FA-831B-468E-9A68-B3899FB47130}"
	ProjectSection(SolutionItems) = preProject
		GL.Logs\Brawl Stars\1.0.0\23-06-17\Production\Ask_Clan_14302.bin = GL.Logs\Brawl Stars\1.0.0\23-06-17\Production\Ask_Clan_14302.bin
		GL.Logs\Brawl Stars\1.0.0\23-06-17\Production\Ask_Profile_14113.bin = GL.Logs\Brawl Stars\1.0.0\23-06-17\Production\Ask_Profile_14113.bin
		GL.Logs\Brawl Stars\1.0.0\23-06-17\Production\Authentification_10101.bin = GL.Logs\Brawl Stars\1.0.0\23-06-17\Production\Authentification_10101.bin
		GL.Logs\Brawl Stars\1.0.0\23-06-17\Production\Authentification_OK_20104.bin = GL.Logs\Brawl Stars\1.0.0\23-06-17\Production\Authentification_OK_20104.bin
		GL.Logs\Brawl Stars\1.0.0\23-06-17\Production\Clan_Data_24301.bin = GL.Logs\Brawl Stars\1.0.0\23-06-17\Production\Clan_Data_24301.bin
		GL.Logs\Brawl Stars\1.0.0\23-06-17\Production\Clan_Stream_24311.bin = GL.Logs\Brawl Stars\1.0.0\23-06-17\Production\Clan_Stream_24311.bin
		GL.Logs\Brawl Stars\1.0.0\23-06-17\Production\Client_Capabilities_10107.bin = GL.Logs\Brawl Stars\1.0.0\23-06-17\Production\Client_Capabilities_10107.bin
		GL.Logs\Brawl Stars\1.0.0\23-06-17\Production\Execute_Commands_14102.bin = GL.Logs\Brawl Stars\1.0.0\23-06-17\Production\Execute_Commands_14102.bin
		GL.Logs\Brawl Stars\1.0.0\23-06-17\Production\Friends_List_20105.bin = GL.Logs\Brawl Stars\1.0.0\23-06-17\Production\Friends_List_20105.bin
		GL.Logs\Brawl Stars\1.0.0\23-06-17\Production\Joinable_Clans_14303.bin = GL.Logs\Brawl Stars\1.0.0\23-06-17\Production\Joinable_Clans_14303.bin
		GL.Logs\Brawl Stars\1.0.0\23-06-17\Production\Keep_Alive_10108.bin = GL.Logs\Brawl Stars\1.0.0\23-06-17\Production\Keep_Alive_10108.bin
		GL.Logs\Brawl Stars\1.0.0\23-06-17\Production\Keep_Alive_OK_20108.bin = GL.Logs\Brawl Stars\1.0.0\23-06-17\Production\Keep_Alive_OK_20108.bin
		GL.Logs\Brawl Stars\1.0.0\23-06-17\Production\Own_Home_Data_24101.bin = GL.Logs\Brawl Stars\1.0.0\23-06-17\Production\Own_Home_Data_24101.bin
		GL.Logs\Brawl Stars\1.0.0\23-06-17\Production\Profile_Data_24113.bin = GL.Logs\Brawl Stars\1.0.0\23-06-17\Production\Profile_Data_24113.bin
		GL.Logs\Brawl Stars\1.0.0\23-06-17\Production\Server_Commands_24111.bin = GL.Logs\Brawl Stars\1.0.0\23-06-17\Production\Server_Commands_24111.bin
		GL.Logs\Brawl Stars\1.0.0\23-06-17\Production\Social_Connection_10513.bin = GL.Logs\Brawl Stars\1.0.0\23-06-17\Production\Social_Connection_10513.bin
		GL.Logs\Brawl Stars\1.0.0\23-06-17\Production\Top_Global_Players_14403.bin = GL.Logs\Brawl Stars\1.0.0\23-06-17\Production\Top_Global_Players_14403.bin
		GL.Logs\Brawl Stars\1.0.0\23-06-17\Production\Top_Global_Players_Data_24403.bin = GL.Logs\Brawl Stars\1.0.0\23-06-17\Production\Top_Global_Players_Data_24403.bin
		GL.Logs\Brawl Stars\1.0.0\23-06-17\Production\Unknown_10512.bin = GL.Logs\Brawl Stars\1.0.0\23-06-17\Production\Unknown_10512.bin
		GL.Logs\Brawl Stars\1.0.0\23-06-17\Production\Unknown_14308.bin = GL.Logs\Brawl Stars\1.0.0\23-06-17\Production\Unknown_14308.bin
		GL.Logs\Brawl Stars\1.0.0\23-06-17\Production\Unknown_14316.bin = GL.Logs\Brawl Stars\1.0.0\23-06-17\Production\Unknown_14316.bin
		GL.Logs\Brawl Stars\1.0.0\23-06-17\Production\Unknown_20207.bin = GL.Logs\Brawl Stars\1.0.0\23-06-17\Production\Unknown_20207.bin
		GL.Logs\Brawl Stars\1.0.0\23-06-17\Production\Unknown_24304.bin = GL.Logs\Brawl Stars\1.0.0\23-06-17\Production\Unknown_24304.bin
		GL.Logs\Brawl Stars\1.0.0\23-06-17\Production\Unknown_24313.bin = GL.Logs\Brawl Stars\1.0.0\23-06-17\Production\Unknown_24313.bin
		GL.Logs\Brawl Stars\1.0.0\23-06-17\Production\Unknown_24333.bin = GL.Logs\Brawl Stars\1.0.0\23-06-17\Production\Unknown_24333.bin
		GL.Logs\Brawl Stars\1.0.0\23-06-17\Production\Unknown_24399.bin = GL.Logs\Brawl Stars\1.0.0\23-06-17\Production\Unknown_24399.bin
	EndProjectSection
EndProject
Project("{FAE04EC0-301F-11D3-BF4B-00C04F79EFBC}") = "GL.Servers.BB", "GL.Servers\GL.Servers.BB\GL.Servers.BB.csproj", "{ADCD6827-8CA5-4479-93B1-FA801595EAF6}"
EndProject
Project("{2150E333-8FDC-42A3-9474-1A3956D46DE8}") = "2.57.0", "2.57.0", "{553E979D-0064-463B-A22D-DC9CF9E80843}"
EndProject
Project("{2150E333-8FDC-42A3-9474-1A3956D46DE8}") = "28-07-2017", "28-07-2017", "{689F08D3-095A-4F58-A8B8-F7C3129092D0}"
EndProject
Project("{2150E333-8FDC-42A3-9474-1A3956D46DE8}") = "Production", "Production", "{EBC007F4-8E1E-4F44-84A5-4FF2B34C6332}"
	ProjectSection(SolutionItems) = preProject
		GL.Logs\Brawl Stars\2.57.0\28-07-2017\Production\Authentification_10101.bin = GL.Logs\Brawl Stars\2.57.0\28-07-2017\Production\Authentification_10101.bin
		GL.Logs\Brawl Stars\2.57.0\28-07-2017\Production\Authentification_OK_20104.bin = GL.Logs\Brawl Stars\2.57.0\28-07-2017\Production\Authentification_OK_20104.bin
		GL.Logs\Brawl Stars\2.57.0\28-07-2017\Production\Clan_Stream_24311.bin = GL.Logs\Brawl Stars\2.57.0\28-07-2017\Production\Clan_Stream_24311.bin
		GL.Logs\Brawl Stars\2.57.0\28-07-2017\Production\Client_Capabilities_10107.bin = GL.Logs\Brawl Stars\2.57.0\28-07-2017\Production\Client_Capabilities_10107.bin
		GL.Logs\Brawl Stars\2.57.0\28-07-2017\Production\Execute_Commands_14102.bin = GL.Logs\Brawl Stars\2.57.0\28-07-2017\Production\Execute_Commands_14102.bin
		GL.Logs\Brawl Stars\2.57.0\28-07-2017\Production\Friends_List_20105.bin = GL.Logs\Brawl Stars\2.57.0\28-07-2017\Production\Friends_List_20105.bin
		GL.Logs\Brawl Stars\2.57.0\28-07-2017\Production\Get_Device_Token_10113.bin = GL.Logs\Brawl Stars\2.57.0\28-07-2017\Production\Get_Device_Token_10113.bin
		GL.Logs\Brawl Stars\2.57.0\28-07-2017\Production\Keep_Alive_10108.bin = GL.Logs\Brawl Stars\2.57.0\28-07-2017\Production\Keep_Alive_10108.bin
		GL.Logs\Brawl Stars\2.57.0\28-07-2017\Production\Keep_Alive_OK_20108.bin = GL.Logs\Brawl Stars\2.57.0\28-07-2017\Production\Keep_Alive_OK_20108.bin
		GL.Logs\Brawl Stars\2.57.0\28-07-2017\Production\Own_Home_Data_24101.bin = GL.Logs\Brawl Stars\2.57.0\28-07-2017\Production\Own_Home_Data_24101.bin
		GL.Logs\Brawl Stars\2.57.0\28-07-2017\Production\Social_Connection_10513.bin = GL.Logs\Brawl Stars\2.57.0\28-07-2017\Production\Social_Connection_10513.bin
		GL.Logs\Brawl Stars\2.57.0\28-07-2017\Production\Unknown_10512.bin = GL.Logs\Brawl Stars\2.57.0\28-07-2017\Production\Unknown_10512.bin
		GL.Logs\Brawl Stars\2.57.0\28-07-2017\Production\Unknown_20207.bin = GL.Logs\Brawl Stars\2.57.0\28-07-2017\Production\Unknown_20207.bin
		GL.Logs\Brawl Stars\2.57.0\28-07-2017\Production\Unknown_24399.bin = GL.Logs\Brawl Stars\2.57.0\28-07-2017\Production\Unknown_24399.bin
	EndProjectSection
EndProject
Project("{2150E333-8FDC-42A3-9474-1A3956D46DE8}") = "GL.Clients", "GL.Clients", "{3511CF3E-052D-45F9-A99A-9D0749466712}"
EndProject
Project("{FAE04EC0-301F-11D3-BF4B-00C04F79EFBC}") = "GL.Clients.CR", "GL.Clients\GL.Clients.CR\GL.Clients.CR.csproj", "{2E4B7DBB-E124-4802-8304-8CDCC716CD86}"
EndProject
Project("{FAE04EC0-301F-11D3-BF4B-00C04F79EFBC}") = "GL.Servers.GS", "GL.Servers\GL.Servers.GS\GL.Servers.GS.csproj", "{E50B535F-5170-4D2F-8BD3-14116C1AD794}"
EndProject
Project("{FAE04EC0-301F-11D3-BF4B-00C04F79EFBC}") = "GL.Clients.BB", "GL.Clients\GL.Clients.BB\GL.Clients.BB.csproj", "{91D01683-75FB-48DB-BB58-D0509A3CF45D}"
EndProject
Project("{2150E333-8FDC-42A3-9474-1A3956D46DE8}") = "22-06-2017", "22-06-2017", "{EAF3C3A0-643E-45DA-96D7-28B7B38D930D}"
	ProjectSection(SolutionItems) = preProject
		GL.Logs\Clash Royale\1.9.0\22-06-2017\Authentification_10101.bin = GL.Logs\Clash Royale\1.9.0\22-06-2017\Authentification_10101.bin
		GL.Logs\Clash Royale\1.9.0\22-06-2017\Authentification_Failed_20103.bin = GL.Logs\Clash Royale\1.9.0\22-06-2017\Authentification_Failed_20103.bin
		GL.Logs\Clash Royale\1.9.0\22-06-2017\Authentification_OK_20104.bin = GL.Logs\Clash Royale\1.9.0\22-06-2017\Authentification_OK_20104.bin
		GL.Logs\Clash Royale\1.9.0\22-06-2017\Avatar_Stream_14405.bin = GL.Logs\Clash Royale\1.9.0\22-06-2017\Avatar_Stream_14405.bin
		GL.Logs\Clash Royale\1.9.0\22-06-2017\Avatar_Stream_Data_24411.bin = GL.Logs\Clash Royale\1.9.0\22-06-2017\Avatar_Stream_Data_24411.bin
		GL.Logs\Clash Royale\1.9.0\22-06-2017\Battle_Command_Data_21902.bin = GL.Logs\Clash Royale\1.9.0\22-06-2017\Battle_Command_Data_21902.bin
		GL.Logs\Clash Royale\1.9.0\22-06-2017\Battle_Event_12951.bin = GL.Logs\Clash Royale\1.9.0\22-06-2017\Battle_Event_12951.bin
		GL.Logs\Clash Royale\1.9.0\22-06-2017\Battle_Event_Data_22952.bin = GL.Logs\Clash Royale\1.9.0\22-06-2017\Battle_Event_Data_22952.bin
		GL.Logs\Clash Royale\1.9.0\22-06-2017\Battle_Stream_14406.bin = GL.Logs\Clash Royale\1.9.0\22-06-2017\Battle_Stream_14406.bin
		GL.Logs\Clash Royale\1.9.0\22-06-2017\Battle_Stream_Data_24413.bin = GL.Logs\Clash Royale\1.9.0\22-06-2017\Battle_Stream_Data_24413.bin
		GL.Logs\Clash Royale\1.9.0\22-06-2017\Cancel_Battle_14107.bin = GL.Logs\Clash Royale\1.9.0\22-06-2017\Cancel_Battle_14107.bin
		GL.Logs\Clash Royale\1.9.0\22-06-2017\Client_Capabilities_10107.bin = GL.Logs\Clash Royale\1.9.0\22-06-2017\Client_Capabilities_10107.bin
		GL.Logs\Clash Royale\1.9.0\22-06-2017\Disconnected_25892.bin = GL.Logs\Clash Royale\1.9.0\22-06-2017\Disconnected_25892.bin
		GL.Logs\Clash Royale\1.9.0\22-06-2017\Execute_Commands_14102.bin = GL.Logs\Clash Royale\1.9.0\22-06-2017\Execute_Commands_14102.bin
		GL.Logs\Clash Royale\1.9.0\22-06-2017\Friends_List_20105.bin = GL.Logs\Clash Royale\1.9.0\22-06-2017\Friends_List_20105.bin
		GL.Logs\Clash Royale\1.9.0\22-06-2017\Get_Device_Token_10113.bin = GL.Logs\Clash Royale\1.9.0\22-06-2017\Get_Device_Token_10113.bin
		GL.Logs\Clash Royale\1.9.0\22-06-2017\Joinable_Clans_14303.bin = GL.Logs\Clash Royale\1.9.0\22-06-2017\Joinable_Clans_14303.bin
		GL.Logs\Clash Royale\1.9.0\22-06-2017\Joinable_Tournaments_16103.bin = GL.Logs\Clash Royale\1.9.0\22-06-2017\Joinable_Tournaments_16103.bin
		GL.Logs\Clash Royale\1.9.0\22-06-2017\Joinable_Tournaments_Data_26108.bin = GL.Logs\Clash Royale\1.9.0\22-06-2017\Joinable_Tournaments_Data_26108.bin
		GL.Logs\Clash Royale\1.9.0\22-06-2017\Keep_Alive_10108.bin = GL.Logs\Clash Royale\1.9.0\22-06-2017\Keep_Alive_10108.bin
		GL.Logs\Clash Royale\1.9.0\22-06-2017\Keep_Alive_OK_20108.bin = GL.Logs\Clash Royale\1.9.0\22-06-2017\Keep_Alive_OK_20108.bin
		GL.Logs\Clash Royale\1.9.0\22-06-2017\Own_Home_Data_24101.bin = GL.Logs\Clash Royale\1.9.0\22-06-2017\Own_Home_Data_24101.bin
		GL.Logs\Clash Royale\1.9.0\22-06-2017\Pre_Authentification_10100.bin = GL.Logs\Clash Royale\1.9.0\22-06-2017\Pre_Authentification_10100.bin
		GL.Logs\Clash Royale\1.9.0\22-06-2017\Pre_Authentification_OK_20100.bin = GL.Logs\Clash Royale\1.9.0\22-06-2017\Pre_Authentification_OK_20100.bin
		GL.Logs\Clash Royale\1.9.0\22-06-2017\Sector_Command_12904.bin = GL.Logs\Clash Royale\1.9.0\22-06-2017\Sector_Command_12904.bin
		GL.Logs\Clash Royale\1.9.0\22-06-2017\Sector_PC_21903.bin = GL.Logs\Clash Royale\1.9.0\22-06-2017\Sector_PC_21903.bin
		GL.Logs\Clash Royale\1.9.0\22-06-2017\Server_Commands_24111.bin = GL.Logs\Clash Royale\1.9.0\22-06-2017\Server_Commands_24111.bin
		GL.Logs\Clash Royale\1.9.0\22-06-2017\UDP_Connection_Info_24112.bin = GL.Logs\Clash Royale\1.9.0\22-06-2017\UDP_Connection_Info_24112.bin
		GL.Logs\Clash Royale\1.9.0\22-06-2017\Unknown_14105.bin = GL.Logs\Clash Royale\1.9.0\22-06-2017\Unknown_14105.bin
		GL.Logs\Clash Royale\1.9.0\22-06-2017\Unknown_24106.bin = GL.Logs\Clash Royale\1.9.0\22-06-2017\Unknown_24106.bin
		GL.Logs\Clash Royale\1.9.0\22-06-2017\Unknown_24304.bin = GL.Logs\Clash Royale\1.9.0\22-06-2017\Unknown_24304.bin
		GL.Logs\Clash Royale\1.9.0\22-06-2017\Unknown_24446.bin = GL.Logs\Clash Royale\1.9.0\22-06-2017\Unknown_24446.bin
	EndProjectSection
EndProject
Project("{2150E333-8FDC-42A3-9474-1A3956D46DE8}") = "1.9.2", "1.9.2", "{E29A35B3-917E-4E4B-9388-696C1DD176F4}"
EndProject
Project("{2150E333-8FDC-42A3-9474-1A3956D46DE8}") = "11-08-2017", "11-08-2017", "{8F61F1CC-F38B-46FE-9454-DCF5A6F3CBAC}"
	ProjectSection(SolutionItems) = preProject
		GL.Logs\Clash Royale\1.9.2\11-08-2017\10100.bin = GL.Logs\Clash Royale\1.9.2\11-08-2017\10100.bin
		GL.Logs\Clash Royale\1.9.2\11-08-2017\10101.bin = GL.Logs\Clash Royale\1.9.2\11-08-2017\10101.bin
		GL.Logs\Clash Royale\1.9.2\11-08-2017\10107.bin = GL.Logs\Clash Royale\1.9.2\11-08-2017\10107.bin
		GL.Logs\Clash Royale\1.9.2\11-08-2017\10108.bin = GL.Logs\Clash Royale\1.9.2\11-08-2017\10108.bin
		GL.Logs\Clash Royale\1.9.2\11-08-2017\10113.bin = GL.Logs\Clash Royale\1.9.2\11-08-2017\10113.bin
		GL.Logs\Clash Royale\1.9.2\11-08-2017\10118.bin = GL.Logs\Clash Royale\1.9.2\11-08-2017\10118.bin
		GL.Logs\Clash Royale\1.9.2\11-08-2017\10905.bin = GL.Logs\Clash Royale\1.9.2\11-08-2017\10905.bin
		GL.Logs\Clash Royale\1.9.2\11-08-2017\12951.bin = GL.Logs\Clash Royale\1.9.2\11-08-2017\12951.bin
		GL.Logs\Clash Royale\1.9.2\11-08-2017\14102.bin = GL.Logs\Clash Royale\1.9.2\11-08-2017\14102.bin
		GL.Logs\Clash Royale\1.9.2\11-08-2017\14105.bin = GL.Logs\Clash Royale\1.9.2\11-08-2017\14105.bin
		GL.Logs\Clash Royale\1.9.2\11-08-2017\14111.bin = GL.Logs\Clash Royale\1.9.2\11-08-2017\14111.bin
		GL.Logs\Clash Royale\1.9.2\11-08-2017\14113.bin = GL.Logs\Clash Royale\1.9.2\11-08-2017\14113.bin
		GL.Logs\Clash Royale\1.9.2\11-08-2017\14262.bin = GL.Logs\Clash Royale\1.9.2\11-08-2017\14262.bin
		GL.Logs\Clash Royale\1.9.2\11-08-2017\14302.bin = GL.Logs\Clash Royale\1.9.2\11-08-2017\14302.bin
		GL.Logs\Clash Royale\1.9.2\11-08-2017\14402.bin = GL.Logs\Clash Royale\1.9.2\11-08-2017\14402.bin
		GL.Logs\Clash Royale\1.9.2\11-08-2017\14405.bin = GL.Logs\Clash Royale\1.9.2\11-08-2017\14405.bin
		GL.Logs\Clash Royale\1.9.2\11-08-2017\14406.bin = GL.Logs\Clash Royale\1.9.2\11-08-2017\14406.bin
		GL.Logs\Clash Royale\1.9.2\11-08-2017\16104.bin = GL.Logs\Clash Royale\1.9.2\11-08-2017\16104.bin
		GL.Logs\Clash Royale\1.9.2\11-08-2017\20100.bin = GL.Logs\Clash Royale\1.9.2\11-08-2017\20100.bin
		GL.Logs\Clash Royale\1.9.2\11-08-2017\20103.bin = GL.Logs\Clash Royale\1.9.2\11-08-2017\20103.bin
		GL.Logs\Clash Royale\1.9.2\11-08-2017\20104.bin = GL.Logs\Clash Royale\1.9.2\11-08-2017\20104.bin
		GL.Logs\Clash Royale\1.9.2\11-08-2017\20105.bin = GL.Logs\Clash Royale\1.9.2\11-08-2017\20105.bin
		GL.Logs\Clash Royale\1.9.2\11-08-2017\20108.bin = GL.Logs\Clash Royale\1.9.2\11-08-2017\20108.bin
		GL.Logs\Clash Royale\1.9.2\11-08-2017\20206.bin = GL.Logs\Clash Royale\1.9.2\11-08-2017\20206.bin
		GL.Logs\Clash Royale\1.9.2\11-08-2017\20207.bin = GL.Logs\Clash Royale\1.9.2\11-08-2017\20207.bin
		GL.Logs\Clash Royale\1.9.2\11-08-2017\20208.bin = GL.Logs\Clash Royale\1.9.2\11-08-2017\20208.bin
		GL.Logs\Clash Royale\1.9.2\11-08-2017\21902.bin = GL.Logs\Clash Royale\1.9.2\11-08-2017\21902.bin
		GL.Logs\Clash Royale\1.9.2\11-08-2017\21903.bin = GL.Logs\Clash Royale\1.9.2\11-08-2017\21903.bin
		GL.Logs\Clash Royale\1.9.2\11-08-2017\24101.bin = GL.Logs\Clash Royale\1.9.2\11-08-2017\24101.bin
		GL.Logs\Clash Royale\1.9.2\11-08-2017\24106.bin = GL.Logs\Clash Royale\1.9.2\11-08-2017\24106.bin
		GL.Logs\Clash Royale\1.9.2\11-08-2017\24107.bin = GL.Logs\Clash Royale\1.9.2\11-08-2017\24107.bin
		GL.Logs\Clash Royale\1.9.2\11-08-2017\24112.bin = GL.Logs\Clash Royale\1.9.2\11-08-2017\24112.bin
		GL.Logs\Clash Royale\1.9.2\11-08-2017\24113.bin = GL.Logs\Clash Royale\1.9.2\11-08-2017\24113.bin
		GL.Logs\Clash Royale\1.9.2\11-08-2017\24125.bin = GL.Logs\Clash Royale\1.9.2\11-08-2017\24125.bin
		GL.Logs\Clash Royale\1.9.2\11-08-2017\24262.bin = GL.Logs\Clash Royale\1.9.2\11-08-2017\24262.bin
		GL.Logs\Clash Royale\1.9.2\11-08-2017\24301.bin = GL.Logs\Clash Royale\1.9.2\11-08-2017\24301.bin
		GL.Logs\Clash Royale\1.9.2\11-08-2017\24311.bin = GL.Logs\Clash Royale\1.9.2\11-08-2017\24311.bin
		GL.Logs\Clash Royale\1.9.2\11-08-2017\24405.bin = GL.Logs\Clash Royale\1.9.2\11-08-2017\24405.bin
		GL.Logs\Clash Royale\1.9.2\11-08-2017\24411.bin = GL.Logs\Clash Royale\1.9.2\11-08-2017\24411.bin
		GL.Logs\Clash Royale\1.9.2\11-08-2017\24413.bin = GL.Logs\Clash Royale\1.9.2\11-08-2017\24413.bin
		GL.Logs\Clash Royale\1.9.2\11-08-2017\24445.bin = GL.Logs\Clash Royale\1.9.2\11-08-2017\24445.bin
		GL.Logs\Clash Royale\1.9.2\11-08-2017\24446.bin = GL.Logs\Clash Royale\1.9.2\11-08-2017\24446.bin
		GL.Logs\Clash Royale\1.9.2\11-08-2017\24447.bin = GL.Logs\Clash Royale\1.9.2\11-08-2017\24447.bin
		GL.Logs\Clash Royale\1.9.2\11-08-2017\25892.bin = GL.Logs\Clash Royale\1.9.2\11-08-2017\25892.bin
		GL.Logs\Clash Royale\1.9.2\11-08-2017\26111.bin = GL.Logs\Clash Royale\1.9.2\11-08-2017\26111.bin
		GL.Logs\Clash Royale\1.9.2\11-08-2017\26112.bin = GL.Logs\Clash Royale\1.9.2\11-08-2017\26112.bin
	EndProjectSection
EndProject
Project("{2150E333-8FDC-42A3-9474-1A3956D46DE8}") = "12-08-2017", "12-08-2017", "{DB680DC7-D063-4D43-A801-2D729CDBA733}"
EndProject
Project("{FAE04EC0-301F-11D3-BF4B-00C04F79EFBC}") = "GL.Servers.SL", "GL.Servers\GL.Servers.SL\GL.Servers.SL.csproj", "{198E5E08-6477-418D-9205-BA9498051190}"
EndProject
Project("{2150E333-8FDC-42A3-9474-1A3956D46DE8}") = "GL.Proxy", "GL.Proxy", "{6154EA53-531D-4523-94CB-F507BF19FF4D}"
EndProject
Project("{FAE04EC0-301F-11D3-BF4B-00C04F79EFBC}") = "GL.Servers.HD", "GL.Servers\GL.Servers.HD\GL.Servers.HD.csproj", "{28BC6B52-446A-45B2-87EF-83F74EF63009}"
EndProject
Project("{FAE04EC0-301F-11D3-BF4B-00C04F79EFBC}") = "GL.Clients.BS", "GL.Clients\GL.Clients.BS\GL.Clients.BS.csproj", "{C1DFA7A0-7885-4966-8EFB-74C5EABCD30F}"
EndProject
Project("{FAE04EC0-301F-11D3-BF4B-00C04F79EFBC}") = "GL.Servers.SP", "GL.Servers\GL.Servers.SP\GL.Servers.SP.csproj", "{54C7B7CA-E547-4926-A359-4912C97F6BA3}"
EndProject
Project("{FAE04EC0-301F-11D3-BF4B-00C04F79EFBC}") = "GL.Apps.GobelinLand", "GL.Apps\GL.Apps.GobelinLand\GL.Apps.GobelinLand.csproj", "{2E747211-4599-45B9-85BA-04875010E7B1}"
EndProject
Project("{2150E333-8FDC-42A3-9474-1A3956D46DE8}") = "GL.Apps", "GL.Apps", "{87F9FA41-39DA-401E-866B-46A7531469BB}"
EndProject
Project("{FAE04EC0-301F-11D3-BF4B-00C04F79EFBC}") = "GL.Proxy.BB", "GL.Proxy\GL.Proxy.BB\GL.Proxy.BB.csproj", "{D6F275E5-F838-4E80-ADC6-D87C16CE1AB0}"
EndProject
Project("{FAE04EC0-301F-11D3-BF4B-00C04F79EFBC}") = "GL.Proxy.CoC", "GL.Proxy\GL.Proxy.CoC\GL.Proxy.CoC.csproj", "{ECCF6B3C-128C-4E48-A41D-7B84B2CC1D9F}"
EndProject
Project("{FAE04EC0-301F-11D3-BF4B-00C04F79EFBC}") = "GL.Proxy.CR", "GL.Proxy\GL.Proxy.CR\GL.Proxy.CR.csproj", "{F3008EEB-87AC-4265-BC28-046B2D426F12}"
EndProject
Global
	GlobalSection(SolutionConfigurationPlatforms) = preSolution
		Debug|Any CPU = Debug|Any CPU
		Debug|x64 = Debug|x64
		Debug|x86 = Debug|x86
		Release|Any CPU = Release|Any CPU
		Release|x64 = Release|x64
		Release|x86 = Release|x86
	EndGlobalSection
	GlobalSection(ProjectConfigurationPlatforms) = postSolution
		{C5D5C4FE-BC5A-4F3C-B3F5-014234F02A60}.Debug|Any CPU.ActiveCfg = Debug|Any CPU
		{C5D5C4FE-BC5A-4F3C-B3F5-014234F02A60}.Debug|Any CPU.Build.0 = Debug|Any CPU
		{C5D5C4FE-BC5A-4F3C-B3F5-014234F02A60}.Debug|x64.ActiveCfg = Debug|Any CPU
		{C5D5C4FE-BC5A-4F3C-B3F5-014234F02A60}.Debug|x64.Build.0 = Debug|Any CPU
		{C5D5C4FE-BC5A-4F3C-B3F5-014234F02A60}.Debug|x86.ActiveCfg = Debug|Any CPU
		{C5D5C4FE-BC5A-4F3C-B3F5-014234F02A60}.Debug|x86.Build.0 = Debug|Any CPU
		{C5D5C4FE-BC5A-4F3C-B3F5-014234F02A60}.Release|Any CPU.ActiveCfg = Release|Any CPU
		{C5D5C4FE-BC5A-4F3C-B3F5-014234F02A60}.Release|Any CPU.Build.0 = Release|Any CPU
		{C5D5C4FE-BC5A-4F3C-B3F5-014234F02A60}.Release|x64.ActiveCfg = Release|Any CPU
		{C5D5C4FE-BC5A-4F3C-B3F5-014234F02A60}.Release|x64.Build.0 = Release|Any CPU
		{C5D5C4FE-BC5A-4F3C-B3F5-014234F02A60}.Release|x86.ActiveCfg = Release|Any CPU
		{C5D5C4FE-BC5A-4F3C-B3F5-014234F02A60}.Release|x86.Build.0 = Release|Any CPU
		{D37FC105-EF32-4B9E-B347-1436D72693EA}.Debug|Any CPU.ActiveCfg = Debug|Any CPU
		{D37FC105-EF32-4B9E-B347-1436D72693EA}.Debug|Any CPU.Build.0 = Debug|Any CPU
		{D37FC105-EF32-4B9E-B347-1436D72693EA}.Debug|x64.ActiveCfg = Debug|Any CPU
		{D37FC105-EF32-4B9E-B347-1436D72693EA}.Debug|x64.Build.0 = Debug|Any CPU
		{D37FC105-EF32-4B9E-B347-1436D72693EA}.Debug|x86.ActiveCfg = Debug|Any CPU
		{D37FC105-EF32-4B9E-B347-1436D72693EA}.Debug|x86.Build.0 = Debug|Any CPU
		{D37FC105-EF32-4B9E-B347-1436D72693EA}.Release|Any CPU.ActiveCfg = Release|Any CPU
		{D37FC105-EF32-4B9E-B347-1436D72693EA}.Release|Any CPU.Build.0 = Release|Any CPU
		{D37FC105-EF32-4B9E-B347-1436D72693EA}.Release|x64.ActiveCfg = Release|Any CPU
		{D37FC105-EF32-4B9E-B347-1436D72693EA}.Release|x64.Build.0 = Release|Any CPU
		{D37FC105-EF32-4B9E-B347-1436D72693EA}.Release|x86.ActiveCfg = Release|Any CPU
		{D37FC105-EF32-4B9E-B347-1436D72693EA}.Release|x86.Build.0 = Release|Any CPU
		{5D12A2DA-F22E-4813-9394-6409E5C1CB3A}.Debug|Any CPU.ActiveCfg = Debug|Any CPU
		{5D12A2DA-F22E-4813-9394-6409E5C1CB3A}.Debug|Any CPU.Build.0 = Debug|Any CPU
		{5D12A2DA-F22E-4813-9394-6409E5C1CB3A}.Debug|x64.ActiveCfg = Debug|Any CPU
		{5D12A2DA-F22E-4813-9394-6409E5C1CB3A}.Debug|x64.Build.0 = Debug|Any CPU
		{5D12A2DA-F22E-4813-9394-6409E5C1CB3A}.Debug|x86.ActiveCfg = Debug|Any CPU
		{5D12A2DA-F22E-4813-9394-6409E5C1CB3A}.Debug|x86.Build.0 = Debug|Any CPU
		{5D12A2DA-F22E-4813-9394-6409E5C1CB3A}.Release|Any CPU.ActiveCfg = Release|Any CPU
		{5D12A2DA-F22E-4813-9394-6409E5C1CB3A}.Release|Any CPU.Build.0 = Release|Any CPU
		{5D12A2DA-F22E-4813-9394-6409E5C1CB3A}.Release|x64.ActiveCfg = Release|Any CPU
		{5D12A2DA-F22E-4813-9394-6409E5C1CB3A}.Release|x64.Build.0 = Release|Any CPU
		{5D12A2DA-F22E-4813-9394-6409E5C1CB3A}.Release|x86.ActiveCfg = Release|Any CPU
		{5D12A2DA-F22E-4813-9394-6409E5C1CB3A}.Release|x86.Build.0 = Release|Any CPU
		{15A935B7-D610-435E-9ADE-5EB8FCD004EA}.Debug|Any CPU.ActiveCfg = Debug|Any CPU
		{15A935B7-D610-435E-9ADE-5EB8FCD004EA}.Debug|Any CPU.Build.0 = Debug|Any CPU
		{15A935B7-D610-435E-9ADE-5EB8FCD004EA}.Debug|x64.ActiveCfg = Debug|Any CPU
		{15A935B7-D610-435E-9ADE-5EB8FCD004EA}.Debug|x64.Build.0 = Debug|Any CPU
		{15A935B7-D610-435E-9ADE-5EB8FCD004EA}.Debug|x86.ActiveCfg = Debug|Any CPU
		{15A935B7-D610-435E-9ADE-5EB8FCD004EA}.Debug|x86.Build.0 = Debug|Any CPU
		{15A935B7-D610-435E-9ADE-5EB8FCD004EA}.Release|Any CPU.ActiveCfg = Release|Any CPU
		{15A935B7-D610-435E-9ADE-5EB8FCD004EA}.Release|Any CPU.Build.0 = Release|Any CPU
		{15A935B7-D610-435E-9ADE-5EB8FCD004EA}.Release|x64.ActiveCfg = Release|Any CPU
		{15A935B7-D610-435E-9ADE-5EB8FCD004EA}.Release|x64.Build.0 = Release|Any CPU
		{15A935B7-D610-435E-9ADE-5EB8FCD004EA}.Release|x86.ActiveCfg = Release|Any CPU
		{15A935B7-D610-435E-9ADE-5EB8FCD004EA}.Release|x86.Build.0 = Release|Any CPU
		{A8BB65D4-D5CA-4DFE-8F52-929DE303D3DE}.Debug|Any CPU.ActiveCfg = Debug|Any CPU
		{A8BB65D4-D5CA-4DFE-8F52-929DE303D3DE}.Debug|Any CPU.Build.0 = Debug|Any CPU
		{A8BB65D4-D5CA-4DFE-8F52-929DE303D3DE}.Debug|x64.ActiveCfg = Debug|Any CPU
		{A8BB65D4-D5CA-4DFE-8F52-929DE303D3DE}.Debug|x64.Build.0 = Debug|Any CPU
		{A8BB65D4-D5CA-4DFE-8F52-929DE303D3DE}.Debug|x86.ActiveCfg = Debug|Any CPU
		{A8BB65D4-D5CA-4DFE-8F52-929DE303D3DE}.Debug|x86.Build.0 = Debug|Any CPU
		{A8BB65D4-D5CA-4DFE-8F52-929DE303D3DE}.Release|Any CPU.ActiveCfg = Release|Any CPU
		{A8BB65D4-D5CA-4DFE-8F52-929DE303D3DE}.Release|Any CPU.Build.0 = Release|Any CPU
		{A8BB65D4-D5CA-4DFE-8F52-929DE303D3DE}.Release|x64.ActiveCfg = Release|Any CPU
		{A8BB65D4-D5CA-4DFE-8F52-929DE303D3DE}.Release|x64.Build.0 = Release|Any CPU
		{A8BB65D4-D5CA-4DFE-8F52-929DE303D3DE}.Release|x86.ActiveCfg = Release|Any CPU
		{A8BB65D4-D5CA-4DFE-8F52-929DE303D3DE}.Release|x86.Build.0 = Release|Any CPU
		{25250A41-1A8E-4A4E-BE6E-9B1A9D688DE9}.Debug|Any CPU.ActiveCfg = Debug|Any CPU
		{25250A41-1A8E-4A4E-BE6E-9B1A9D688DE9}.Debug|Any CPU.Build.0 = Debug|Any CPU
		{25250A41-1A8E-4A4E-BE6E-9B1A9D688DE9}.Debug|x64.ActiveCfg = Debug|Any CPU
		{25250A41-1A8E-4A4E-BE6E-9B1A9D688DE9}.Debug|x64.Build.0 = Debug|Any CPU
		{25250A41-1A8E-4A4E-BE6E-9B1A9D688DE9}.Debug|x86.ActiveCfg = Debug|Any CPU
		{25250A41-1A8E-4A4E-BE6E-9B1A9D688DE9}.Debug|x86.Build.0 = Debug|Any CPU
		{25250A41-1A8E-4A4E-BE6E-9B1A9D688DE9}.Release|Any CPU.ActiveCfg = Release|Any CPU
		{25250A41-1A8E-4A4E-BE6E-9B1A9D688DE9}.Release|Any CPU.Build.0 = Release|Any CPU
		{25250A41-1A8E-4A4E-BE6E-9B1A9D688DE9}.Release|x64.ActiveCfg = Release|Any CPU
		{25250A41-1A8E-4A4E-BE6E-9B1A9D688DE9}.Release|x64.Build.0 = Release|Any CPU
		{25250A41-1A8E-4A4E-BE6E-9B1A9D688DE9}.Release|x86.ActiveCfg = Release|Any CPU
		{25250A41-1A8E-4A4E-BE6E-9B1A9D688DE9}.Release|x86.Build.0 = Release|Any CPU
		{4B0DE6F3-FCB9-4849-9CCF-4B1D8446956C}.Debug|Any CPU.ActiveCfg = Debug|Any CPU
		{4B0DE6F3-FCB9-4849-9CCF-4B1D8446956C}.Debug|Any CPU.Build.0 = Debug|Any CPU
		{4B0DE6F3-FCB9-4849-9CCF-4B1D8446956C}.Debug|x64.ActiveCfg = Debug|Any CPU
		{4B0DE6F3-FCB9-4849-9CCF-4B1D8446956C}.Debug|x64.Build.0 = Debug|Any CPU
		{4B0DE6F3-FCB9-4849-9CCF-4B1D8446956C}.Debug|x86.ActiveCfg = Debug|Any CPU
		{4B0DE6F3-FCB9-4849-9CCF-4B1D8446956C}.Debug|x86.Build.0 = Debug|Any CPU
		{4B0DE6F3-FCB9-4849-9CCF-4B1D8446956C}.Release|Any CPU.ActiveCfg = Release|Any CPU
		{4B0DE6F3-FCB9-4849-9CCF-4B1D8446956C}.Release|Any CPU.Build.0 = Release|Any CPU
		{4B0DE6F3-FCB9-4849-9CCF-4B1D8446956C}.Release|x64.ActiveCfg = Release|Any CPU
		{4B0DE6F3-FCB9-4849-9CCF-4B1D8446956C}.Release|x64.Build.0 = Release|Any CPU
		{4B0DE6F3-FCB9-4849-9CCF-4B1D8446956C}.Release|x86.ActiveCfg = Release|Any CPU
		{4B0DE6F3-FCB9-4849-9CCF-4B1D8446956C}.Release|x86.Build.0 = Release|Any CPU
		{6FF91A92-A606-4187-A6E2-C50FB26BA194}.Debug|Any CPU.ActiveCfg = Debug|Any CPU
		{6FF91A92-A606-4187-A6E2-C50FB26BA194}.Debug|Any CPU.Build.0 = Debug|Any CPU
		{6FF91A92-A606-4187-A6E2-C50FB26BA194}.Debug|x64.ActiveCfg = Debug|Any CPU
		{6FF91A92-A606-4187-A6E2-C50FB26BA194}.Debug|x64.Build.0 = Debug|Any CPU
		{6FF91A92-A606-4187-A6E2-C50FB26BA194}.Debug|x86.ActiveCfg = Debug|Any CPU
		{6FF91A92-A606-4187-A6E2-C50FB26BA194}.Debug|x86.Build.0 = Debug|Any CPU
		{6FF91A92-A606-4187-A6E2-C50FB26BA194}.Release|Any CPU.ActiveCfg = Release|Any CPU
		{6FF91A92-A606-4187-A6E2-C50FB26BA194}.Release|Any CPU.Build.0 = Release|Any CPU
		{6FF91A92-A606-4187-A6E2-C50FB26BA194}.Release|x64.ActiveCfg = Release|Any CPU
		{6FF91A92-A606-4187-A6E2-C50FB26BA194}.Release|x64.Build.0 = Release|Any CPU
		{6FF91A92-A606-4187-A6E2-C50FB26BA194}.Release|x86.ActiveCfg = Release|Any CPU
		{6FF91A92-A606-4187-A6E2-C50FB26BA194}.Release|x86.Build.0 = Release|Any CPU
		{B44A0DDC-31C4-4847-B756-28A2BCDCA28F}.Debug|Any CPU.ActiveCfg = Debug|Any CPU
		{B44A0DDC-31C4-4847-B756-28A2BCDCA28F}.Debug|Any CPU.Build.0 = Debug|Any CPU
		{B44A0DDC-31C4-4847-B756-28A2BCDCA28F}.Debug|x64.ActiveCfg = Debug|Any CPU
		{B44A0DDC-31C4-4847-B756-28A2BCDCA28F}.Debug|x64.Build.0 = Debug|Any CPU
		{B44A0DDC-31C4-4847-B756-28A2BCDCA28F}.Debug|x86.ActiveCfg = Debug|Any CPU
		{B44A0DDC-31C4-4847-B756-28A2BCDCA28F}.Debug|x86.Build.0 = Debug|Any CPU
		{B44A0DDC-31C4-4847-B756-28A2BCDCA28F}.Release|Any CPU.ActiveCfg = Release|Any CPU
		{B44A0DDC-31C4-4847-B756-28A2BCDCA28F}.Release|Any CPU.Build.0 = Release|Any CPU
		{B44A0DDC-31C4-4847-B756-28A2BCDCA28F}.Release|x64.ActiveCfg = Release|Any CPU
		{B44A0DDC-31C4-4847-B756-28A2BCDCA28F}.Release|x64.Build.0 = Release|Any CPU
		{B44A0DDC-31C4-4847-B756-28A2BCDCA28F}.Release|x86.ActiveCfg = Release|Any CPU
		{B44A0DDC-31C4-4847-B756-28A2BCDCA28F}.Release|x86.Build.0 = Release|Any CPU
		{D0493312-B295-495A-9C49-7849DDC526FA}.Debug|Any CPU.ActiveCfg = Debug|Any CPU
		{D0493312-B295-495A-9C49-7849DDC526FA}.Debug|Any CPU.Build.0 = Debug|Any CPU
		{D0493312-B295-495A-9C49-7849DDC526FA}.Debug|x64.ActiveCfg = Debug|Any CPU
		{D0493312-B295-495A-9C49-7849DDC526FA}.Debug|x64.Build.0 = Debug|Any CPU
		{D0493312-B295-495A-9C49-7849DDC526FA}.Debug|x86.ActiveCfg = Debug|Any CPU
		{D0493312-B295-495A-9C49-7849DDC526FA}.Debug|x86.Build.0 = Debug|Any CPU
		{D0493312-B295-495A-9C49-7849DDC526FA}.Release|Any CPU.ActiveCfg = Release|Any CPU
		{D0493312-B295-495A-9C49-7849DDC526FA}.Release|Any CPU.Build.0 = Release|Any CPU
		{D0493312-B295-495A-9C49-7849DDC526FA}.Release|x64.ActiveCfg = Release|Any CPU
		{D0493312-B295-495A-9C49-7849DDC526FA}.Release|x64.Build.0 = Release|Any CPU
		{D0493312-B295-495A-9C49-7849DDC526FA}.Release|x86.ActiveCfg = Release|Any CPU
		{D0493312-B295-495A-9C49-7849DDC526FA}.Release|x86.Build.0 = Release|Any CPU
		{79C8AA3F-969C-4862-81BB-2D6AC88ED5D2}.Debug|Any CPU.ActiveCfg = Debug|Any CPU
		{79C8AA3F-969C-4862-81BB-2D6AC88ED5D2}.Debug|Any CPU.Build.0 = Debug|Any CPU
		{79C8AA3F-969C-4862-81BB-2D6AC88ED5D2}.Debug|x64.ActiveCfg = Debug|Any CPU
		{79C8AA3F-969C-4862-81BB-2D6AC88ED5D2}.Debug|x64.Build.0 = Debug|Any CPU
		{79C8AA3F-969C-4862-81BB-2D6AC88ED5D2}.Debug|x86.ActiveCfg = Debug|Any CPU
		{79C8AA3F-969C-4862-81BB-2D6AC88ED5D2}.Debug|x86.Build.0 = Debug|Any CPU
		{79C8AA3F-969C-4862-81BB-2D6AC88ED5D2}.Release|Any CPU.ActiveCfg = Release|Any CPU
		{79C8AA3F-969C-4862-81BB-2D6AC88ED5D2}.Release|Any CPU.Build.0 = Release|Any CPU
		{79C8AA3F-969C-4862-81BB-2D6AC88ED5D2}.Release|x64.ActiveCfg = Release|Any CPU
		{79C8AA3F-969C-4862-81BB-2D6AC88ED5D2}.Release|x64.Build.0 = Release|Any CPU
		{79C8AA3F-969C-4862-81BB-2D6AC88ED5D2}.Release|x86.ActiveCfg = Release|Any CPU
		{79C8AA3F-969C-4862-81BB-2D6AC88ED5D2}.Release|x86.Build.0 = Release|Any CPU
		{938A07C3-653A-4012-9C60-02E4CE5B7020}.Debug|Any CPU.ActiveCfg = Debug|Any CPU
		{938A07C3-653A-4012-9C60-02E4CE5B7020}.Debug|Any CPU.Build.0 = Debug|Any CPU
		{938A07C3-653A-4012-9C60-02E4CE5B7020}.Debug|x64.ActiveCfg = Debug|Any CPU
		{938A07C3-653A-4012-9C60-02E4CE5B7020}.Debug|x64.Build.0 = Debug|Any CPU
		{938A07C3-653A-4012-9C60-02E4CE5B7020}.Debug|x86.ActiveCfg = Debug|Any CPU
		{938A07C3-653A-4012-9C60-02E4CE5B7020}.Debug|x86.Build.0 = Debug|Any CPU
		{938A07C3-653A-4012-9C60-02E4CE5B7020}.Release|Any CPU.ActiveCfg = Release|Any CPU
		{938A07C3-653A-4012-9C60-02E4CE5B7020}.Release|Any CPU.Build.0 = Release|Any CPU
		{938A07C3-653A-4012-9C60-02E4CE5B7020}.Release|x64.ActiveCfg = Release|Any CPU
		{938A07C3-653A-4012-9C60-02E4CE5B7020}.Release|x64.Build.0 = Release|Any CPU
		{938A07C3-653A-4012-9C60-02E4CE5B7020}.Release|x86.ActiveCfg = Release|Any CPU
		{938A07C3-653A-4012-9C60-02E4CE5B7020}.Release|x86.Build.0 = Release|Any CPU
		{ADCD6827-8CA5-4479-93B1-FA801595EAF6}.Debug|Any CPU.ActiveCfg = Debug|Any CPU
		{ADCD6827-8CA5-4479-93B1-FA801595EAF6}.Debug|Any CPU.Build.0 = Debug|Any CPU
		{ADCD6827-8CA5-4479-93B1-FA801595EAF6}.Debug|x64.ActiveCfg = Debug|Any CPU
		{ADCD6827-8CA5-4479-93B1-FA801595EAF6}.Debug|x64.Build.0 = Debug|Any CPU
		{ADCD6827-8CA5-4479-93B1-FA801595EAF6}.Debug|x86.ActiveCfg = Debug|Any CPU
		{ADCD6827-8CA5-4479-93B1-FA801595EAF6}.Debug|x86.Build.0 = Debug|Any CPU
		{ADCD6827-8CA5-4479-93B1-FA801595EAF6}.Release|Any CPU.ActiveCfg = Release|Any CPU
		{ADCD6827-8CA5-4479-93B1-FA801595EAF6}.Release|Any CPU.Build.0 = Release|Any CPU
		{ADCD6827-8CA5-4479-93B1-FA801595EAF6}.Release|x64.ActiveCfg = Release|Any CPU
		{ADCD6827-8CA5-4479-93B1-FA801595EAF6}.Release|x64.Build.0 = Release|Any CPU
		{ADCD6827-8CA5-4479-93B1-FA801595EAF6}.Release|x86.ActiveCfg = Release|Any CPU
		{ADCD6827-8CA5-4479-93B1-FA801595EAF6}.Release|x86.Build.0 = Release|Any CPU
		{2E4B7DBB-E124-4802-8304-8CDCC716CD86}.Debug|Any CPU.ActiveCfg = Debug|Any CPU
		{2E4B7DBB-E124-4802-8304-8CDCC716CD86}.Debug|Any CPU.Build.0 = Debug|Any CPU
		{2E4B7DBB-E124-4802-8304-8CDCC716CD86}.Debug|x64.ActiveCfg = Debug|Any CPU
		{2E4B7DBB-E124-4802-8304-8CDCC716CD86}.Debug|x64.Build.0 = Debug|Any CPU
		{2E4B7DBB-E124-4802-8304-8CDCC716CD86}.Debug|x86.ActiveCfg = Debug|Any CPU
		{2E4B7DBB-E124-4802-8304-8CDCC716CD86}.Debug|x86.Build.0 = Debug|Any CPU
		{2E4B7DBB-E124-4802-8304-8CDCC716CD86}.Release|Any CPU.ActiveCfg = Release|Any CPU
		{2E4B7DBB-E124-4802-8304-8CDCC716CD86}.Release|Any CPU.Build.0 = Release|Any CPU
		{2E4B7DBB-E124-4802-8304-8CDCC716CD86}.Release|x64.ActiveCfg = Release|Any CPU
		{2E4B7DBB-E124-4802-8304-8CDCC716CD86}.Release|x64.Build.0 = Release|Any CPU
		{2E4B7DBB-E124-4802-8304-8CDCC716CD86}.Release|x86.ActiveCfg = Release|Any CPU
		{2E4B7DBB-E124-4802-8304-8CDCC716CD86}.Release|x86.Build.0 = Release|Any CPU
		{E50B535F-5170-4D2F-8BD3-14116C1AD794}.Debug|Any CPU.ActiveCfg = Debug|Any CPU
		{E50B535F-5170-4D2F-8BD3-14116C1AD794}.Debug|Any CPU.Build.0 = Debug|Any CPU
		{E50B535F-5170-4D2F-8BD3-14116C1AD794}.Debug|x64.ActiveCfg = Debug|Any CPU
		{E50B535F-5170-4D2F-8BD3-14116C1AD794}.Debug|x64.Build.0 = Debug|Any CPU
		{E50B535F-5170-4D2F-8BD3-14116C1AD794}.Debug|x86.ActiveCfg = Debug|Any CPU
		{E50B535F-5170-4D2F-8BD3-14116C1AD794}.Debug|x86.Build.0 = Debug|Any CPU
		{E50B535F-5170-4D2F-8BD3-14116C1AD794}.Release|Any CPU.ActiveCfg = Release|Any CPU
		{E50B535F-5170-4D2F-8BD3-14116C1AD794}.Release|Any CPU.Build.0 = Release|Any CPU
		{E50B535F-5170-4D2F-8BD3-14116C1AD794}.Release|x64.ActiveCfg = Release|Any CPU
		{E50B535F-5170-4D2F-8BD3-14116C1AD794}.Release|x64.Build.0 = Release|Any CPU
		{E50B535F-5170-4D2F-8BD3-14116C1AD794}.Release|x86.ActiveCfg = Release|Any CPU
		{E50B535F-5170-4D2F-8BD3-14116C1AD794}.Release|x86.Build.0 = Release|Any CPU
		{91D01683-75FB-48DB-BB58-D0509A3CF45D}.Debug|Any CPU.ActiveCfg = Debug|Any CPU
		{91D01683-75FB-48DB-BB58-D0509A3CF45D}.Debug|Any CPU.Build.0 = Debug|Any CPU
		{91D01683-75FB-48DB-BB58-D0509A3CF45D}.Debug|x64.ActiveCfg = Debug|Any CPU
		{91D01683-75FB-48DB-BB58-D0509A3CF45D}.Debug|x64.Build.0 = Debug|Any CPU
		{91D01683-75FB-48DB-BB58-D0509A3CF45D}.Debug|x86.ActiveCfg = Debug|Any CPU
		{91D01683-75FB-48DB-BB58-D0509A3CF45D}.Debug|x86.Build.0 = Debug|Any CPU
		{91D01683-75FB-48DB-BB58-D0509A3CF45D}.Release|Any CPU.ActiveCfg = Release|Any CPU
		{91D01683-75FB-48DB-BB58-D0509A3CF45D}.Release|Any CPU.Build.0 = Release|Any CPU
		{91D01683-75FB-48DB-BB58-D0509A3CF45D}.Release|x64.ActiveCfg = Release|Any CPU
		{91D01683-75FB-48DB-BB58-D0509A3CF45D}.Release|x64.Build.0 = Release|Any CPU
		{91D01683-75FB-48DB-BB58-D0509A3CF45D}.Release|x86.ActiveCfg = Release|Any CPU
		{91D01683-75FB-48DB-BB58-D0509A3CF45D}.Release|x86.Build.0 = Release|Any CPU
		{198E5E08-6477-418D-9205-BA9498051190}.Debug|Any CPU.ActiveCfg = Debug|Any CPU
		{198E5E08-6477-418D-9205-BA9498051190}.Debug|Any CPU.Build.0 = Debug|Any CPU
		{198E5E08-6477-418D-9205-BA9498051190}.Debug|x64.ActiveCfg = Debug|Any CPU
		{198E5E08-6477-418D-9205-BA9498051190}.Debug|x64.Build.0 = Debug|Any CPU
		{198E5E08-6477-418D-9205-BA9498051190}.Debug|x86.ActiveCfg = Debug|Any CPU
		{198E5E08-6477-418D-9205-BA9498051190}.Debug|x86.Build.0 = Debug|Any CPU
		{198E5E08-6477-418D-9205-BA9498051190}.Release|Any CPU.ActiveCfg = Release|Any CPU
		{198E5E08-6477-418D-9205-BA9498051190}.Release|Any CPU.Build.0 = Release|Any CPU
		{198E5E08-6477-418D-9205-BA9498051190}.Release|x64.ActiveCfg = Release|Any CPU
		{198E5E08-6477-418D-9205-BA9498051190}.Release|x64.Build.0 = Release|Any CPU
		{198E5E08-6477-418D-9205-BA9498051190}.Release|x86.ActiveCfg = Release|Any CPU
		{198E5E08-6477-418D-9205-BA9498051190}.Release|x86.Build.0 = Release|Any CPU
		{28BC6B52-446A-45B2-87EF-83F74EF63009}.Debug|Any CPU.ActiveCfg = Debug|Any CPU
		{28BC6B52-446A-45B2-87EF-83F74EF63009}.Debug|Any CPU.Build.0 = Debug|Any CPU
		{28BC6B52-446A-45B2-87EF-83F74EF63009}.Debug|x64.ActiveCfg = Debug|Any CPU
		{28BC6B52-446A-45B2-87EF-83F74EF63009}.Debug|x64.Build.0 = Debug|Any CPU
		{28BC6B52-446A-45B2-87EF-83F74EF63009}.Debug|x86.ActiveCfg = Debug|Any CPU
		{28BC6B52-446A-45B2-87EF-83F74EF63009}.Debug|x86.Build.0 = Debug|Any CPU
		{28BC6B52-446A-45B2-87EF-83F74EF63009}.Release|Any CPU.ActiveCfg = Release|Any CPU
		{28BC6B52-446A-45B2-87EF-83F74EF63009}.Release|Any CPU.Build.0 = Release|Any CPU
		{28BC6B52-446A-45B2-87EF-83F74EF63009}.Release|x64.ActiveCfg = Release|Any CPU
		{28BC6B52-446A-45B2-87EF-83F74EF63009}.Release|x64.Build.0 = Release|Any CPU
		{28BC6B52-446A-45B2-87EF-83F74EF63009}.Release|x86.ActiveCfg = Release|Any CPU
		{28BC6B52-446A-45B2-87EF-83F74EF63009}.Release|x86.Build.0 = Release|Any CPU
		{C1DFA7A0-7885-4966-8EFB-74C5EABCD30F}.Debug|Any CPU.ActiveCfg = Debug|Any CPU
		{C1DFA7A0-7885-4966-8EFB-74C5EABCD30F}.Debug|Any CPU.Build.0 = Debug|Any CPU
		{C1DFA7A0-7885-4966-8EFB-74C5EABCD30F}.Debug|x64.ActiveCfg = Debug|Any CPU
		{C1DFA7A0-7885-4966-8EFB-74C5EABCD30F}.Debug|x64.Build.0 = Debug|Any CPU
		{C1DFA7A0-7885-4966-8EFB-74C5EABCD30F}.Debug|x86.ActiveCfg = Debug|Any CPU
		{C1DFA7A0-7885-4966-8EFB-74C5EABCD30F}.Debug|x86.Build.0 = Debug|Any CPU
		{C1DFA7A0-7885-4966-8EFB-74C5EABCD30F}.Release|Any CPU.ActiveCfg = Release|Any CPU
		{C1DFA7A0-7885-4966-8EFB-74C5EABCD30F}.Release|Any CPU.Build.0 = Release|Any CPU
		{C1DFA7A0-7885-4966-8EFB-74C5EABCD30F}.Release|x64.ActiveCfg = Release|Any CPU
		{C1DFA7A0-7885-4966-8EFB-74C5EABCD30F}.Release|x64.Build.0 = Release|Any CPU
		{C1DFA7A0-7885-4966-8EFB-74C5EABCD30F}.Release|x86.ActiveCfg = Release|Any CPU
		{C1DFA7A0-7885-4966-8EFB-74C5EABCD30F}.Release|x86.Build.0 = Release|Any CPU
		{54C7B7CA-E547-4926-A359-4912C97F6BA3}.Debug|Any CPU.ActiveCfg = Debug|Any CPU
		{54C7B7CA-E547-4926-A359-4912C97F6BA3}.Debug|Any CPU.Build.0 = Debug|Any CPU
		{54C7B7CA-E547-4926-A359-4912C97F6BA3}.Debug|x64.ActiveCfg = Debug|Any CPU
		{54C7B7CA-E547-4926-A359-4912C97F6BA3}.Debug|x64.Build.0 = Debug|Any CPU
		{54C7B7CA-E547-4926-A359-4912C97F6BA3}.Debug|x86.ActiveCfg = Debug|Any CPU
		{54C7B7CA-E547-4926-A359-4912C97F6BA3}.Debug|x86.Build.0 = Debug|Any CPU
		{54C7B7CA-E547-4926-A359-4912C97F6BA3}.Release|Any CPU.ActiveCfg = Release|Any CPU
		{54C7B7CA-E547-4926-A359-4912C97F6BA3}.Release|Any CPU.Build.0 = Release|Any CPU
		{54C7B7CA-E547-4926-A359-4912C97F6BA3}.Release|x64.ActiveCfg = Release|Any CPU
		{54C7B7CA-E547-4926-A359-4912C97F6BA3}.Release|x64.Build.0 = Release|Any CPU
		{54C7B7CA-E547-4926-A359-4912C97F6BA3}.Release|x86.ActiveCfg = Release|Any CPU
		{54C7B7CA-E547-4926-A359-4912C97F6BA3}.Release|x86.Build.0 = Release|Any CPU
		{2E747211-4599-45B9-85BA-04875010E7B1}.Debug|Any CPU.ActiveCfg = Debug|Any CPU
		{2E747211-4599-45B9-85BA-04875010E7B1}.Debug|Any CPU.Build.0 = Debug|Any CPU
		{2E747211-4599-45B9-85BA-04875010E7B1}.Debug|Any CPU.Deploy.0 = Debug|Any CPU
		{2E747211-4599-45B9-85BA-04875010E7B1}.Debug|x64.ActiveCfg = Debug|Any CPU
		{2E747211-4599-45B9-85BA-04875010E7B1}.Debug|x64.Build.0 = Debug|Any CPU
		{2E747211-4599-45B9-85BA-04875010E7B1}.Debug|x64.Deploy.0 = Debug|Any CPU
		{2E747211-4599-45B9-85BA-04875010E7B1}.Debug|x86.ActiveCfg = Debug|Any CPU
		{2E747211-4599-45B9-85BA-04875010E7B1}.Debug|x86.Build.0 = Debug|Any CPU
		{2E747211-4599-45B9-85BA-04875010E7B1}.Debug|x86.Deploy.0 = Debug|Any CPU
		{2E747211-4599-45B9-85BA-04875010E7B1}.Release|Any CPU.ActiveCfg = Release|Any CPU
		{2E747211-4599-45B9-85BA-04875010E7B1}.Release|Any CPU.Build.0 = Release|Any CPU
		{2E747211-4599-45B9-85BA-04875010E7B1}.Release|Any CPU.Deploy.0 = Release|Any CPU
		{2E747211-4599-45B9-85BA-04875010E7B1}.Release|x64.ActiveCfg = Release|Any CPU
		{2E747211-4599-45B9-85BA-04875010E7B1}.Release|x64.Build.0 = Release|Any CPU
		{2E747211-4599-45B9-85BA-04875010E7B1}.Release|x64.Deploy.0 = Release|Any CPU
		{2E747211-4599-45B9-85BA-04875010E7B1}.Release|x86.ActiveCfg = Release|Any CPU
		{2E747211-4599-45B9-85BA-04875010E7B1}.Release|x86.Build.0 = Release|Any CPU
		{2E747211-4599-45B9-85BA-04875010E7B1}.Release|x86.Deploy.0 = Release|Any CPU
		{D6F275E5-F838-4E80-ADC6-D87C16CE1AB0}.Debug|Any CPU.ActiveCfg = Debug|Any CPU
		{D6F275E5-F838-4E80-ADC6-D87C16CE1AB0}.Debug|Any CPU.Build.0 = Debug|Any CPU
		{D6F275E5-F838-4E80-ADC6-D87C16CE1AB0}.Debug|x64.ActiveCfg = Debug|Any CPU
		{D6F275E5-F838-4E80-ADC6-D87C16CE1AB0}.Debug|x64.Build.0 = Debug|Any CPU
		{D6F275E5-F838-4E80-ADC6-D87C16CE1AB0}.Debug|x86.ActiveCfg = Debug|Any CPU
		{D6F275E5-F838-4E80-ADC6-D87C16CE1AB0}.Debug|x86.Build.0 = Debug|Any CPU
		{D6F275E5-F838-4E80-ADC6-D87C16CE1AB0}.Release|Any CPU.ActiveCfg = Release|Any CPU
		{D6F275E5-F838-4E80-ADC6-D87C16CE1AB0}.Release|Any CPU.Build.0 = Release|Any CPU
		{D6F275E5-F838-4E80-ADC6-D87C16CE1AB0}.Release|x64.ActiveCfg = Release|Any CPU
		{D6F275E5-F838-4E80-ADC6-D87C16CE1AB0}.Release|x64.Build.0 = Release|Any CPU
		{D6F275E5-F838-4E80-ADC6-D87C16CE1AB0}.Release|x86.ActiveCfg = Release|Any CPU
		{D6F275E5-F838-4E80-ADC6-D87C16CE1AB0}.Release|x86.Build.0 = Release|Any CPU
		{ECCF6B3C-128C-4E48-A41D-7B84B2CC1D9F}.Debug|Any CPU.ActiveCfg = Debug|Any CPU
		{ECCF6B3C-128C-4E48-A41D-7B84B2CC1D9F}.Debug|Any CPU.Build.0 = Debug|Any CPU
		{ECCF6B3C-128C-4E48-A41D-7B84B2CC1D9F}.Debug|x64.ActiveCfg = Debug|Any CPU
		{ECCF6B3C-128C-4E48-A41D-7B84B2CC1D9F}.Debug|x64.Build.0 = Debug|Any CPU
		{ECCF6B3C-128C-4E48-A41D-7B84B2CC1D9F}.Debug|x86.ActiveCfg = Debug|Any CPU
		{ECCF6B3C-128C-4E48-A41D-7B84B2CC1D9F}.Debug|x86.Build.0 = Debug|Any CPU
		{ECCF6B3C-128C-4E48-A41D-7B84B2CC1D9F}.Release|Any CPU.ActiveCfg = Release|Any CPU
		{ECCF6B3C-128C-4E48-A41D-7B84B2CC1D9F}.Release|Any CPU.Build.0 = Release|Any CPU
		{ECCF6B3C-128C-4E48-A41D-7B84B2CC1D9F}.Release|x64.ActiveCfg = Release|Any CPU
		{ECCF6B3C-128C-4E48-A41D-7B84B2CC1D9F}.Release|x64.Build.0 = Release|Any CPU
		{ECCF6B3C-128C-4E48-A41D-7B84B2CC1D9F}.Release|x86.ActiveCfg = Release|Any CPU
		{ECCF6B3C-128C-4E48-A41D-7B84B2CC1D9F}.Release|x86.Build.0 = Release|Any CPU
		{F3008EEB-87AC-4265-BC28-046B2D426F12}.Debug|Any CPU.ActiveCfg = Debug|Any CPU
		{F3008EEB-87AC-4265-BC28-046B2D426F12}.Debug|Any CPU.Build.0 = Debug|Any CPU
		{F3008EEB-87AC-4265-BC28-046B2D426F12}.Debug|x64.ActiveCfg = Debug|Any CPU
		{F3008EEB-87AC-4265-BC28-046B2D426F12}.Debug|x64.Build.0 = Debug|Any CPU
		{F3008EEB-87AC-4265-BC28-046B2D426F12}.Debug|x86.ActiveCfg = Debug|Any CPU
		{F3008EEB-87AC-4265-BC28-046B2D426F12}.Debug|x86.Build.0 = Debug|Any CPU
		{F3008EEB-87AC-4265-BC28-046B2D426F12}.Release|Any CPU.ActiveCfg = Release|Any CPU
		{F3008EEB-87AC-4265-BC28-046B2D426F12}.Release|Any CPU.Build.0 = Release|Any CPU
		{F3008EEB-87AC-4265-BC28-046B2D426F12}.Release|x64.ActiveCfg = Release|Any CPU
		{F3008EEB-87AC-4265-BC28-046B2D426F12}.Release|x64.Build.0 = Release|Any CPU
		{F3008EEB-87AC-4265-BC28-046B2D426F12}.Release|x86.ActiveCfg = Release|Any CPU
		{F3008EEB-87AC-4265-BC28-046B2D426F12}.Release|x86.Build.0 = Release|Any CPU
	EndGlobalSection
	GlobalSection(SolutionProperties) = preSolution
		HideSolutionNode = FALSE
	EndGlobalSection
	GlobalSection(NestedProjects) = preSolution
		{C5D5C4FE-BC5A-4F3C-B3F5-014234F02A60} = {2728109A-BE41-46A3-93B7-B67C8113A098}
		{D37FC105-EF32-4B9E-B347-1436D72693EA} = {2728109A-BE41-46A3-93B7-B67C8113A098}
		{5D12A2DA-F22E-4813-9394-6409E5C1CB3A} = {2728109A-BE41-46A3-93B7-B67C8113A098}
		{A8BB65D4-D5CA-4DFE-8F52-929DE303D3DE} = {3511CF3E-052D-45F9-A99A-9D0749466712}
		{25250A41-1A8E-4A4E-BE6E-9B1A9D688DE9} = {2728109A-BE41-46A3-93B7-B67C8113A098}
		{4B0DE6F3-FCB9-4849-9CCF-4B1D8446956C} = {6154EA53-531D-4523-94CB-F507BF19FF4D}
		{B6461802-344F-4C55-8D1B-15BB1A526D17} = {5EA136C9-8BF8-4D82-B3CC-621BFB4AE681}
		{A470E05D-FEE4-4EAE-AD75-5040FFCE80E3} = {5EA136C9-8BF8-4D82-B3CC-621BFB4AE681}
		{7D30C478-187D-40D4-BE7A-45567751DE45} = {5EA136C9-8BF8-4D82-B3CC-621BFB4AE681}
		{974C6812-4431-44B9-835F-899C5EFEC2B5} = {5EA136C9-8BF8-4D82-B3CC-621BFB4AE681}
		{F2C3980B-C979-4F06-A67E-403A416C60F6} = {5EA136C9-8BF8-4D82-B3CC-621BFB4AE681}
		{BFC027BE-3DDC-4EE6-9EB4-FCB8E830CA85} = {B6461802-344F-4C55-8D1B-15BB1A526D17}
		{D069B042-84A4-4458-94BC-A064E5819772} = {BFC027BE-3DDC-4EE6-9EB4-FCB8E830CA85}
		{8C439825-ABFA-4876-A27C-995856AEECA9} = {BFC027BE-3DDC-4EE6-9EB4-FCB8E830CA85}
		{6FF91A92-A606-4187-A6E2-C50FB26BA194} = {20E52241-0270-44A1-91B6-BAF4C364EDAA}
		{B44A0DDC-31C4-4847-B756-28A2BCDCA28F} = {20E52241-0270-44A1-91B6-BAF4C364EDAA}
		{D0493312-B295-495A-9C49-7849DDC526FA} = {20E52241-0270-44A1-91B6-BAF4C364EDAA}
		{79C8AA3F-969C-4862-81BB-2D6AC88ED5D2} = {20E52241-0270-44A1-91B6-BAF4C364EDAA}
		{85BB1EB1-B74C-4682-AA3B-0F66A5664DFB} = {F2C3980B-C979-4F06-A67E-403A416C60F6}
		{2839D8D5-A6DE-465E-B508-F05239F3DF27} = {85BB1EB1-B74C-4682-AA3B-0F66A5664DFB}
		{16D3C53E-F090-4EC4-95F7-1DF9F4379CC2} = {2839D8D5-A6DE-465E-B508-F05239F3DF27}
		{6C6E87FA-831B-468E-9A68-B3899FB47130} = {2839D8D5-A6DE-465E-B508-F05239F3DF27}
		{ADCD6827-8CA5-4479-93B1-FA801595EAF6} = {2728109A-BE41-46A3-93B7-B67C8113A098}
		{553E979D-0064-463B-A22D-DC9CF9E80843} = {F2C3980B-C979-4F06-A67E-403A416C60F6}
		{689F08D3-095A-4F58-A8B8-F7C3129092D0} = {553E979D-0064-463B-A22D-DC9CF9E80843}
		{EBC007F4-8E1E-4F44-84A5-4FF2B34C6332} = {689F08D3-095A-4F58-A8B8-F7C3129092D0}
		{2E4B7DBB-E124-4802-8304-8CDCC716CD86} = {3511CF3E-052D-45F9-A99A-9D0749466712}
		{E50B535F-5170-4D2F-8BD3-14116C1AD794} = {2728109A-BE41-46A3-93B7-B67C8113A098}
		{91D01683-75FB-48DB-BB58-D0509A3CF45D} = {3511CF3E-052D-45F9-A99A-9D0749466712}
		{EAF3C3A0-643E-45DA-96D7-28B7B38D930D} = {BFC027BE-3DDC-4EE6-9EB4-FCB8E830CA85}
		{E29A35B3-917E-4E4B-9388-696C1DD176F4} = {B6461802-344F-4C55-8D1B-15BB1A526D17}
		{8F61F1CC-F38B-46FE-9454-DCF5A6F3CBAC} = {E29A35B3-917E-4E4B-9388-696C1DD176F4}
		{DB680DC7-D063-4D43-A801-2D729CDBA733} = {E29A35B3-917E-4E4B-9388-696C1DD176F4}
		{198E5E08-6477-418D-9205-BA9498051190} = {2728109A-BE41-46A3-93B7-B67C8113A098}
		{28BC6B52-446A-45B2-87EF-83F74EF63009} = {2728109A-BE41-46A3-93B7-B67C8113A098}
		{C1DFA7A0-7885-4966-8EFB-74C5EABCD30F} = {3511CF3E-052D-45F9-A99A-9D0749466712}
		{54C7B7CA-E547-4926-A359-4912C97F6BA3} = {2728109A-BE41-46A3-93B7-B67C8113A098}
		{2E747211-4599-45B9-85BA-04875010E7B1} = {87F9FA41-39DA-401E-866B-46A7531469BB}
		{D6F275E5-F838-4E80-ADC6-D87C16CE1AB0} = {6154EA53-531D-4523-94CB-F507BF19FF4D}
		{ECCF6B3C-128C-4E48-A41D-7B84B2CC1D9F} = {6154EA53-531D-4523-94CB-F507BF19FF4D}
		{F3008EEB-87AC-4265-BC28-046B2D426F12} = {6154EA53-531D-4523-94CB-F507BF19FF4D}
	EndGlobalSection
	GlobalSection(ExtensibilityGlobals) = postSolution
		SolutionGuid = {2B4F66EB-A0AE-4FC4-B1EC-93F843B989DB}
	EndGlobalSection
EndGlobal
